{
    "_meta": {
        "hash": {
            "sha256": "a1a756af429cd6401032b4b4f0adb906b36e6f937da8e702cbeed318bf4ab1bd"
        },
        "pipfile-spec": 6,
        "requires": {
            "python_version": "3.7"
        },
        "sources": [
            {
                "name": "pypi",
                "url": "https://pypi.org/simple",
                "verify_ssl": true
            }
        ]
    },
    "default": {
        "apispec": {
            "hashes": [
                "sha256:b65063e11968a8c26dbbe9b4100ee24026a41cc358dd204df279bdedd7d8dea2",
                "sha256:f5244ccca33f7a81309f6b3c9d458e33e869050c2d861b9f8cee24b3ad739d2b"
            ],
            "version": "==3.3.1"
        },
        "attrs": {
            "hashes": [
                "sha256:08a96c641c3a74e44eb59afb61a24f2cb9f4d7188748e76ba4bb5edfa3cb7d1c",
                "sha256:f7b7ce16570fe9965acd6d30101a28f62fb4a7f9e926b3bbc9b61f8b04247e72"
            ],
            "index": "pypi",
            "version": "==19.3.0"
        },
        "aws-cdk-aws-apigateway": {
            "hashes": [
                "sha256:ce77da7bbe1eb4063fe93a6343adced410a3596e377300fdc5bfdfa6736a865a"
            ],
            "index": "pypi",
            "version": "==1.31.0"
        },
        "aws-cdk-aws-batch": {
            "hashes": [
                "sha256:65a2db8ebdfeb45f1b2cf03f1f65546e9435dd93259250bf5805d523d5fa2f7e"
            ],
            "index": "pypi",
            "version": "==1.31.0"
        },
        "aws-cdk-aws-dynamodb": {
            "hashes": [
                "sha256:5b90840732ae306398af18ba2402f3679e0c712b04bcb8f6f948692e8a067ccb"
            ],
            "index": "pypi",
            "version": "==1.31.0"
        },
        "aws-cdk-aws-lambda-event-sources": {
            "hashes": [
                "sha256:638054c0635d2fb370fc7cd503300f2fe12335a2c5b055ce7f28611cc64c28fb"
            ],
            "index": "pypi",
            "version": "==1.31.0"
        },
        "aws-cdk.assets": {
            "hashes": [
                "sha256:66e72c0a42e50c1cd4a1c68ac4b1ec23edc9de16adcc2d1240390863ebf22ea4",
                "sha256:c2f3d492e63c3ec9a1fd145040b3dff44f025e30c692e700c8e59a702fc94866"
            ],
            "index": "pypi",
            "version": "==1.31.0"
        },
        "aws-cdk.aws-apigateway": {
            "hashes": [
                "sha256:c2242d835b67cfb85c670ef351419e5156538990ff878681472308604084d7df",
                "sha256:ce77da7bbe1eb4063fe93a6343adced410a3596e377300fdc5bfdfa6736a865a"
            ],
            "version": "==1.31.0"
        },
        "aws-cdk.aws-applicationautoscaling": {
            "hashes": [
                "sha256:2df4f7ed815d6378038a094413f918cbe73a00b998f924386987203698760435",
                "sha256:fcffdd9365946ace1e59d977864ca30b5b915ad44adf686e1b330f4d305dc975"
            ],
            "version": "==1.31.0"
        },
        "aws-cdk.aws-autoscaling": {
            "hashes": [
                "sha256:1cf2eb8b179b2f6fdb7f6ee5f8397c74caeb2caf3f175c73430f6dbdf837a380",
                "sha256:42f638dc20c4803881a0e6893f57a0cbb56c84eaf5c233e039109765262f5703"
            ],
            "version": "==1.31.0"
        },
        "aws-cdk.aws-autoscaling-common": {
            "hashes": [
                "sha256:43db591bd090f49c2cdaa57a23bb6cfb3ef5b457dd28830c9d69bf4cd8d61254",
                "sha256:a4902d508b5cee8d71e82f453da12213d099b6bd5b79ba55e4ee5be6f146161e"
            ],
            "version": "==1.31.0"
        },
        "aws-cdk.aws-autoscaling-hooktargets": {
            "hashes": [
                "sha256:acaca9e475a47c459625e8ad146ed15205698b67c39fe48a60ae5d4cf15df349",
                "sha256:ea7587aad36bd3abe9e1e3527e8614a518ef28989cc65435aaaed632d0c15d1e"
            ],
            "version": "==1.31.0"
        },
        "aws-cdk.aws-batch": {
            "hashes": [
                "sha256:65a2db8ebdfeb45f1b2cf03f1f65546e9435dd93259250bf5805d523d5fa2f7e",
                "sha256:738b1891a15a14302a8de0c1879f24608072f8821dbd6dbb4397d2a0c1783327"
            ],
            "version": "==1.31.0"
        },
        "aws-cdk.aws-certificatemanager": {
            "hashes": [
                "sha256:128b0b0b0b03a2066ae42ae43a338cb309af8948b81d082d3d7bcc3f270a953d",
                "sha256:74e9657a3abc02889ce7fc60fde3d02592178790925db8b266a1803e35feb503"
            ],
            "version": "==1.31.0"
        },
        "aws-cdk.aws-cloudformation": {
            "hashes": [
                "sha256:38b79372d511e97b20b15881ff430ec93186dca5b62cb2d490079ef4ffd9c6f8",
                "sha256:ac52cb6efa11e21e4e52a1b5fea25c13288781c6cd45b65374d07b31c85edc41"
            ],
            "version": "==1.31.0"
        },
        "aws-cdk.aws-cloudfront": {
            "hashes": [
                "sha256:b5cb78786c878ef4cad8410b23b55012a643a6f7a9044cc5f4b74cff33fa21c7",
                "sha256:bab37dd4ea4b4d59fccfb050a0bfa9bf005c01c16690389d0ca94a37bed1c671"
            ],
            "version": "==1.31.0"
        },
        "aws-cdk.aws-cloudwatch": {
            "hashes": [
                "sha256:d97664e86dbaa6c35479a29b7126ad8fef3103cab40ac5951cdeb46a193ee016",
                "sha256:dda2ac933cf631dd9c115cf8c5e7e41d6eb9635fd86f75fc6a36dad419ffaf36"
            ],
            "index": "pypi",
            "version": "==1.31.0"
        },
        "aws-cdk.aws-dynamodb": {
            "hashes": [
                "sha256:5b90840732ae306398af18ba2402f3679e0c712b04bcb8f6f948692e8a067ccb",
                "sha256:74813db739ead207b76ba29404793a47b7a1a0729ea760245290e34948d9b1f8"
            ],
            "version": "==1.31.0"
        },
        "aws-cdk.aws-ec2": {
            "hashes": [
                "sha256:6ac989f326cfb7cbc3e2cb9631b85d4691eb43874fa5359fb907b7c20a406084",
                "sha256:f072c555efd192de3c121dcff1a2c15d5f642ef814d32a3dd464bfc73f3e2d6e"
            ],
            "index": "pypi",
            "version": "==1.31.0"
        },
        "aws-cdk.aws-ecr": {
            "hashes": [
                "sha256:4cb023e8e14a0bd8ed7c719b7cfa6bb2ec6e389569b7adbb64757dfa543b022d",
                "sha256:bf907ba296122338f186130625cd3943dcf62e3e69c0e02d02e8b10d6dc52b24"
            ],
            "version": "==1.31.0"
        },
        "aws-cdk.aws-ecr-assets": {
            "hashes": [
                "sha256:2863425d84e4e3403b13f71e74537de6c6858b718f90304ff7806bb6b9561f38",
                "sha256:65d02a804d9ba52ea30ce344d0beb1f30ecc69efd41c157204c1279220d8d862"
            ],
            "version": "==1.31.0"
        },
        "aws-cdk.aws-ecs": {
            "hashes": [
                "sha256:3167059dad35847d995a61238ea5cc8ab755d3cd29e79d38b14f56efa6a31bdc",
                "sha256:5cdc0f7f533e5b4e8d3c305b4eb773c52536fafb06504128a1459d64178e57b4"
            ],
            "version": "==1.31.0"
        },
        "aws-cdk.aws-elasticloadbalancing": {
            "hashes": [
                "sha256:b8b4025002e8ad3a04bf952a8cfcd61410a19eca36b94b7c77d86f2b0ebe3632",
                "sha256:d6788f93dbdf82dbc3433df892fabc5a6d805ec9ecee87a6476e8a1f6e3f54ab"
            ],
            "version": "==1.31.0"
        },
        "aws-cdk.aws-elasticloadbalancingv2": {
            "hashes": [
                "sha256:7ab8018dd65888ed0de50c738e3a9c5d5403b8b5cd5b6d6ecc99acb7eee858a0",
                "sha256:adf4361a2a6c741ca9cdf901e52ff9f2e91b69f966a53c6da75262a18b2e6cab"
            ],
            "version": "==1.31.0"
        },
        "aws-cdk.aws-events": {
            "hashes": [
                "sha256:912507cf525669df625c912266b849d536d4783b73d62ea1a2cec6e8f232800f",
                "sha256:ab8faec63fafcf4e6c58db88c0ae38285b0d5374dcddf0dff9abc6e03e073bce"
            ],
            "index": "pypi",
            "version": "==1.31.0"
        },
        "aws-cdk.aws-glue": {
            "hashes": [
                "sha256:3508fe2afee551d4930b03428df7d6001964ae56f786a87dd96e964e30c5130c",
                "sha256:51fd7ed5ed1bfdacf0c43584a528635f0971e294156bc04673f049400fbb676b"
            ],
            "version": "==1.31.0"
        },
        "aws-cdk.aws-iam": {
            "hashes": [
                "sha256:c7af75a5484b641e4a31e88a06decba6f00ac606e3933b7c788af2b76fd85ba8",
                "sha256:cb4ca30bd75b13e73a506070320539bf2564d9fc6af29b4ee57c35a825862363"
            ],
            "index": "pypi",
            "version": "==1.31.0"
        },
        "aws-cdk.aws-kinesis": {
            "hashes": [
                "sha256:390a5288d6f95f64cb05aacc57549be395e03ff46bced2955a1ccc4d74b31b73",
                "sha256:dcd7c6fe0d2fc1ff92993c97ce7c90ab064a26b35f0d95c23d8b21d34e8a25d7"
            ],
            "version": "==1.31.0"
        },
        "aws-cdk.aws-kms": {
            "hashes": [
                "sha256:0c651a39c1cb0ea956828578b52eb695e64d0a656f20fd612966a3d47bc4d640",
                "sha256:3d67dfe1ca78aa7f6cabba96e1cf4944794135aa4976d7871a8e98481228605b"
            ],
            "index": "pypi",
            "version": "==1.31.0"
        },
        "aws-cdk.aws-lambda": {
            "hashes": [
                "sha256:e8d8a55be03a100cde42f775d637fb930b14efe542d947152380104a500f7857",
                "sha256:ef630c2172c8ea2911d45922d7a6ea96ab08f5c36d641d5f19525ccbd8dcbe03"
            ],
            "index": "pypi",
            "version": "==1.31.0"
        },
        "aws-cdk.aws-logs": {
            "hashes": [
                "sha256:4a32e40c7fd78d2313b9a54c01a0038fda57061e7765cf720a9efd558b66b1ca",
                "sha256:dbf671835b23c06b6fb2a01c0f7a51e034be11c69636f94a4b340aa0cdb686cd"
            ],
            "index": "pypi",
            "version": "==1.31.0"
        },
        "aws-cdk.aws-route53": {
            "hashes": [
                "sha256:9ecaf57e2ac72e774cd4c6e415748c5411a1c01312fac9c5a0d4038ae40f52f6",
                "sha256:f20b2acd343f959d0e9cf539ac9487f90f2fe143912c77722f81fc3c2374137d"
            ],
            "version": "==1.31.0"
        },
        "aws-cdk.aws-route53-targets": {
            "hashes": [
                "sha256:165c441b17191b1655a058932b9bf9bbb8739d5f897c724180dcb83fada0ae7e",
                "sha256:4cf27eb400c297dc0e1f15a202faadc2be62d2993406a4798d435adb5dad64da"
            ],
            "version": "==1.31.0"
        },
        "aws-cdk.aws-s3": {
            "hashes": [
                "sha256:4f8dfaec3a4c2ad8f08a562c32a672a420e05e1d644713cb112b31d0e8988e53",
                "sha256:6b31e26b4203168fc1422633a881b5f0de80fbde466716b961398f8dd4edc470"
            ],
            "index": "pypi",
            "version": "==1.31.0"
        },
        "aws-cdk.aws-s3-assets": {
            "hashes": [
                "sha256:33ccca625ac7d8d00c0367d8caabee8f74f19e8282878217fa6f16f05141e608",
                "sha256:3a6bc869c3b576fe162f580e269e0345ee82dde07ec59a383e97435412c91ec2"
            ],
            "index": "pypi",
            "version": "==1.31.0"
        },
        "aws-cdk.aws-s3-notifications": {
            "hashes": [
                "sha256:48bc746bee29f577c77b64f29622257d1c1a2ec51b307bd6d8d7b76fa1f3e68f",
                "sha256:c34882dad7ec6072674826384ea8eae927c6245ba5d48e1ace89f60a4ccbb173"
            ],
            "version": "==1.31.0"
        },
        "aws-cdk.aws-sam": {
            "hashes": [
                "sha256:91ac62f8d3242178fab138f53636e929d19df9bf9796535ab3fd4f96485d360b",
                "sha256:abf1a7e01f8812f79de5fde96366f65ae073a0834fd0c5d3508008df9a2ccdd4"
            ],
            "version": "==1.31.0"
        },
        "aws-cdk.aws-secretsmanager": {
            "hashes": [
                "sha256:1bdb120ef2d48fa8e8b660f7c39b7009cbdd93ad870689c66d00dbc8b4212778",
                "sha256:24f75eba68a5a02437b7fe547bc26c57e8dbb34ae7d398ab314ac0865595a701"
            ],
            "version": "==1.31.0"
        },
        "aws-cdk.aws-servicediscovery": {
            "hashes": [
                "sha256:843b15e299d4aeb608ca45398e2880713055ecb8f18e4c27ac842511a9bf72bb",
                "sha256:bc189fcd2038fec0ee31c9398ec78b4065c455b0f41f423b5f4c3e3371ead111"
            ],
            "version": "==1.31.0"
        },
        "aws-cdk.aws-sns": {
            "hashes": [
                "sha256:994af5b7d073e8f9315fc22b72f3a85deb9d5c4ada29420314a4899aaa16f1fd",
                "sha256:d99368e3854edd2845e3194d036c51b54c0192de0d18547d03eab14228118cc3"
            ],
            "version": "==1.31.0"
        },
        "aws-cdk.aws-sns-subscriptions": {
            "hashes": [
                "sha256:5d0d6505f61893b4271ee8205ec876f0e19f1f8781b52290d749b41029c3ccc0",
                "sha256:7931b54fe2b9d43da3091af03e143cd3774cdeb2998e461bc715d83712cb1be1"
            ],
            "version": "==1.31.0"
        },
        "aws-cdk.aws-sqs": {
            "hashes": [
                "sha256:c57905f7e96b4674db3c07a7edd7db87da026c1fb0cf2e47cf1409972f802c6e",
                "sha256:c61dd4e52af809107458b838eed17d34b4533bec90b3a9e4a4f63ff0d0341c88"
            ],
            "index": "pypi",
            "version": "==1.31.0"
        },
        "aws-cdk.aws-ssm": {
            "hashes": [
                "sha256:01a7eb8a9174505588a3a99942a86b90114a2e702bf1af3f5968694a9bbc412b",
                "sha256:79225a97dba3ec67366f70dbe3f527d5ae34868deeed0e75555757cdfc491cb2"
            ],
            "index": "pypi",
            "version": "==1.31.0"
        },
        "aws-cdk.aws-stepfunctions": {
            "hashes": [
                "sha256:1934dcc92dca2fe0179605141659b3040c0e9d88e044ebf16f718bf6ada13e02",
                "sha256:23af216bd9ce59236b62c4cedfc5594b55ff934b8312a12ea15bdd656fc9c754"
            ],
            "version": "==1.31.0"
        },
        "aws-cdk.aws-stepfunctions-tasks": {
            "hashes": [
                "sha256:66ec7e3671d3cb90e913ba0c8e1d1899265aaabb7c25d93cf95d776cd2143472",
                "sha256:b4146735861aa92b37aa202f1fab3eee876cc3a0f57373784ad818a9939480a8"
            ],
            "version": "==1.31.0"
        },
        "aws-cdk.core": {
            "hashes": [
                "sha256:b3f3b7bd9cf1c3cb76cf6cde04da4931ea18818f6bc83213cde5cba286d29fef",
                "sha256:bac3d635d4555236f717343c58ec18590950335c943da75badca65f9d61cfacc"
            ],
            "index": "pypi",
            "version": "==1.31.0"
        },
        "aws-cdk.custom-resources": {
            "hashes": [
                "sha256:700d0df0653b4286856e8fbd73fd07237b87b0d283d5930c05f61cbe25012ad0",
                "sha256:ff8954dc04cf61a52ef543867f60e54430138fc3babcd25750ed9b6cd13d77b8"
            ],
            "version": "==1.31.0"
        },
        "aws-cdk.cx-api": {
            "hashes": [
                "sha256:21e4c4adf407859b5826bcd6be7722244db0db171c715b34756d475805fc0d4e",
                "sha256:6da0f81dc2140349738877364d69a63c54bbef1f2b31b2aec7dacc637cc18604"
            ],
            "index": "pypi",
            "version": "==1.31.0"
        },
        "aws-cdk.region-info": {
            "hashes": [
                "sha256:449630fb348256ac4a08cab59eb9443afb7733af531049a25faf1d9e22f43161",
                "sha256:8bfc82edb4250c0c3ddf915fc82c7ca95242938c523f50b321e51a6a82bfd5ad"
            ],
            "index": "pypi",
            "version": "==1.31.0"
        },
        "aws-lambda-wsgi": {
            "hashes": [
                "sha256:28669d8168a46b49a77ba127711f4db05ccd35379bbcbcc28ef515b9c8ce0c67",
                "sha256:54ac15c5586f72b1429253bdcb487b7214a348713fd0034de7d45e849224e893"
            ],
            "version": "==0.0.6"
        },
        "boto3": {
            "hashes": [
                "sha256:2616351c98eec18d20a1d64b33355c86cd855ac96219d1b8428c9bfc590bde53",
                "sha256:7daad26a008c91dd7b82fde17d246d1fe6e4b3813426689ef8bac9017a277cfb"
            ],
            "index": "pypi",
            "version": "==1.14.12"
        },
        "botocore": {
            "hashes": [
                "sha256:45934d880378777cefeca727f369d1f5aebf6b254e9be58e7c77dd0b059338bb",
                "sha256:a94e0e2307f1b9fe3a84660842909cd2680b57a9fc9fb0c3a03b0afb2eadbe21"
            ],
            "version": "==1.17.12"
        },
        "cattrs": {
            "hashes": [
                "sha256:616972ae3dfa6e623a40ad3cb845420e64942989152774ab055e5c2b2f89f997",
                "sha256:b7ab5cf8ad127c42eefd01410c1c6e28569a45a255ea80ed968511873c433c7a"
            ],
            "index": "pypi",
            "version": "==1.0.0"
        },
        "certifi": {
            "hashes": [
                "sha256:5930595817496dd21bb8dc35dad090f1c2cd0adfaf21204bf6732ca5d8ee34d3",
                "sha256:8fc0819f1f30ba15bdb34cceffb9ef04d99f420f68eb75d901e9560b8749fc41"
            ],
            "version": "==2020.6.20"
        },
        "chardet": {
            "hashes": [
                "sha256:84ab92ed1c4d4f16916e05906b6b75a6c0fb5db821cc65e70cbd64a3e2a5eaae",
                "sha256:fc323ffcaeaed0e0a02bf4d117757b98aed530d9ed4531e3e15460124c106691"
            ],
            "version": "==3.0.4"
        },
        "click": {
            "hashes": [
                "sha256:8a18b4ea89d8820c5d0c7da8a64b2c324b4dabb695804dbfea19b9be9d88c0cc",
                "sha256:e345d143d80bf5ee7534056164e5e112ea5e22716bbb1ce727941f4c8b471b9a"
            ],
            "index": "pypi",
            "version": "==7.1.1"
        },
        "coloredlogs": {
            "hashes": [
                "sha256:346f58aad6afd48444c2468618623638dadab76e4e70d5e10822676f2d32226a",
                "sha256:a1fab193d2053aa6c0a97608c4342d031f1f93a3d1218432c59322441d31a505"
            ],
            "index": "pypi",
            "version": "==14.0"
        },
        "constructs": {
            "hashes": [
                "sha256:2cc51e2feb2dd9b28220ac5ab5743eeb1bcd02730be5cfc16d1e3850894c6639",
                "sha256:fa63d7c13ddc72ae37c71760e0b732fabe7c9d145d1ee502cbf7a16fee0d5e7e"
            ],
            "index": "pypi",
            "version": "==2.0.0"
        },
        "docutils": {
            "hashes": [
                "sha256:6c4f696463b79f1fb8ba0c594b63840ebd41f059e92b31957c46b74a4599b6d0",
                "sha256:9e4d7ecfc600058e07ba661411a2b7de2fd0fafa17d1a7f7361cd47b1175c827",
                "sha256:a2aeea129088da402665e92e0b25b04b073c04b2dce4ab65caaa38b7ce2e1a99"
            ],
            "version": "==0.15.2"
        },
        "flask": {
            "hashes": [
                "sha256:4efa1ae2d7c9865af48986de8aeb8504bf32c7f3d6fdc9353d34b21f4b127060",
                "sha256:8a4fdd8936eba2512e9c85df320a37e694c93945b33ef33c89946a340a238557"
            ],
            "version": "==1.1.2"
        },
        "flask-apispec": {
            "hashes": [
                "sha256:64c3f528dbf3e78ca7f3d6c695a1e8b788a87f0f4f4ce5c19070649a8f807856",
                "sha256:c694f067b076828816b8c778e6928263fdc12b9ed1d2de4e781d21b2dd13aa5a"
            ],
            "version": "==0.9.0"
        },
        "flask-cors": {
            "hashes": [
                "sha256:72170423eb4612f0847318afff8c247b38bd516b7737adfc10d1c2cdbb382d16",
                "sha256:f4d97201660e6bbcff2d89d082b5b6d31abee04b1b3003ee073a6fd25ad1d69a"
            ],
            "version": "==3.0.8"
        },
        "flask-serverless": {
            "hashes": [
                "sha256:53c2da5b340486604c5b6f784a2d4aa3c51a858a8c20bf7446ec5440b51f0490"
            ],
            "index": "pypi",
            "version": "==0.1.4"
        },
        "humanfriendly": {
            "hashes": [
                "sha256:bf52ec91244819c780341a3438d5d7b09f431d3f113a475147ac9b7b167a3d12",
                "sha256:e78960b31198511f45fd455534ae7645a6207d33e512d2e842c766d15d9c8080"
            ],
            "version": "==8.2"
        },
        "idna": {
            "hashes": [
                "sha256:b307872f855b18632ce0c21c5e45be78c0ea7ae4c15c828c20788b26921eb3f6",
                "sha256:b97d804b1e9b523befed77c48dacec60e6dcb0b5391d57af6a65a312a90648c0"
            ],
            "version": "==2.10"
        },
        "itsdangerous": {
            "hashes": [
                "sha256:321b033d07f2a4136d3ec762eac9f16a10ccd60f53c0c91af90217ace7ba1f19",
                "sha256:b12271b2047cb23eeb98c8b5622e2e5c5e9abd9784a153e9d8ef9cb4dd09d749"
            ],
            "version": "==1.1.0"
        },
        "jinja2": {
            "hashes": [
                "sha256:89aab215427ef59c34ad58735269eb58b1a5808103067f7bb9d5836c651b3bb0",
                "sha256:f0a4641d3cf955324a89c04f3d94663aa4d638abe8f733ecd3582848e1c37035"
            ],
            "index": "pypi",
            "version": "==2.11.2"
        },
        "jmespath": {
            "hashes": [
                "sha256:b85d0567b8666149a93172712e68920734333c0ce7e89b78b3e987f71e5ed4f9",
                "sha256:cdf6525904cc597730141d61b36f2e4b8ecc257c420fa2f4549bac2c2d0cb72f"
            ],
            "version": "==0.10.0"
        },
        "jsii": {
            "hashes": [
                "sha256:30ac1c704641363084bf752d8592a144f4a1cb35f7d03adcb0ae6c80ef6394f1",
                "sha256:77787b0ece3df3b01eec73ca870628b7a9fbc0068315a99ea8098979596e6861"
            ],
            "index": "pypi",
            "version": "==1.1.0"
        },
        "markupsafe": {
            "hashes": [
                "sha256:00bc623926325b26bb9605ae9eae8a215691f33cae5df11ca5424f06f2d1f473",
                "sha256:09027a7803a62ca78792ad89403b1b7a73a01c8cb65909cd876f7fcebd79b161",
                "sha256:09c4b7f37d6c648cb13f9230d847adf22f8171b1ccc4d5682398e77f40309235",
                "sha256:1027c282dad077d0bae18be6794e6b6b8c91d58ed8a8d89a89d59693b9131db5",
                "sha256:13d3144e1e340870b25e7b10b98d779608c02016d5184cfb9927a9f10c689f42",
                "sha256:24982cc2533820871eba85ba648cd53d8623687ff11cbb805be4ff7b4c971aff",
                "sha256:29872e92839765e546828bb7754a68c418d927cd064fd4708fab9fe9c8bb116b",
                "sha256:43a55c2930bbc139570ac2452adf3d70cdbb3cfe5912c71cdce1c2c6bbd9c5d1",
                "sha256:46c99d2de99945ec5cb54f23c8cd5689f6d7177305ebff350a58ce5f8de1669e",
                "sha256:500d4957e52ddc3351cabf489e79c91c17f6e0899158447047588650b5e69183",
                "sha256:535f6fc4d397c1563d08b88e485c3496cf5784e927af890fb3c3aac7f933ec66",
                "sha256:596510de112c685489095da617b5bcbbac7dd6384aeebeda4df6025d0256a81b",
                "sha256:62fe6c95e3ec8a7fad637b7f3d372c15ec1caa01ab47926cfdf7a75b40e0eac1",
                "sha256:6788b695d50a51edb699cb55e35487e430fa21f1ed838122d722e0ff0ac5ba15",
                "sha256:6dd73240d2af64df90aa7c4e7481e23825ea70af4b4922f8ede5b9e35f78a3b1",
                "sha256:717ba8fe3ae9cc0006d7c451f0bb265ee07739daf76355d06366154ee68d221e",
                "sha256:79855e1c5b8da654cf486b830bd42c06e8780cea587384cf6545b7d9ac013a0b",
                "sha256:7c1699dfe0cf8ff607dbdcc1e9b9af1755371f92a68f706051cc8c37d447c905",
                "sha256:88e5fcfb52ee7b911e8bb6d6aa2fd21fbecc674eadd44118a9cc3863f938e735",
                "sha256:8defac2f2ccd6805ebf65f5eeb132adcf2ab57aa11fdf4c0dd5169a004710e7d",
                "sha256:98c7086708b163d425c67c7a91bad6e466bb99d797aa64f965e9d25c12111a5e",
                "sha256:9add70b36c5666a2ed02b43b335fe19002ee5235efd4b8a89bfcf9005bebac0d",
                "sha256:9bf40443012702a1d2070043cb6291650a0841ece432556f784f004937f0f32c",
                "sha256:ade5e387d2ad0d7ebf59146cc00c8044acbd863725f887353a10df825fc8ae21",
                "sha256:b00c1de48212e4cc9603895652c5c410df699856a2853135b3967591e4beebc2",
                "sha256:b1282f8c00509d99fef04d8ba936b156d419be841854fe901d8ae224c59f0be5",
                "sha256:b2051432115498d3562c084a49bba65d97cf251f5a331c64a12ee7e04dacc51b",
                "sha256:ba59edeaa2fc6114428f1637ffff42da1e311e29382d81b339c1817d37ec93c6",
                "sha256:c8716a48d94b06bb3b2524c2b77e055fb313aeb4ea620c8dd03a105574ba704f",
                "sha256:cd5df75523866410809ca100dc9681e301e3c27567cf498077e8551b6d20e42f",
                "sha256:cdb132fc825c38e1aeec2c8aa9338310d29d337bebbd7baa06889d09a60a1fa2",
                "sha256:e249096428b3ae81b08327a63a485ad0878de3fb939049038579ac0ef61e17e7",
                "sha256:e8313f01ba26fbbe36c7be1966a7b7424942f670f38e666995b88d012765b9be"
            ],
            "version": "==1.1.1"
        },
        "marshmallow": {
            "hashes": [
                "sha256:35ee2fb188f0bd9fc1cf9ac35e45fd394bd1c153cee430745a465ea435514bd5",
                "sha256:9aa20f9b71c992b4782dad07c51d92884fd0f7c5cb9d3c737bea17ec1bad765f"
            ],
            "markers": "python_version >= '3'",
            "version": "==3.6.1"
        },
        "publication": {
            "hashes": [
                "sha256:0248885351febc11d8a1098d5c8e3ab2dabcf3e8c0c96db1e17ecd12b53afbe6",
                "sha256:68416a0de76dddcdd2930d1c8ef853a743cc96c82416c4e4d3b5d901c6276dc4"
            ],
            "index": "pypi",
            "version": "==0.0.3"
        },
        "pynamodb": {
            "hashes": [
                "sha256:58bd62089741ef689f845d6ca826ab50e39b9a0a8ae3bd7a84dc167c1a4ec8fa",
                "sha256:cfaae8db840bae1ff7cdcf0a3ae39c39bbb4c877f7f324b0ecc6e5467cc24982"
            ],
            "index": "pypi",
            "version": "==4.3.2"
        },
        "python-dateutil": {
            "hashes": [
                "sha256:73ebfe9dbf22e832286dafa60473e4cd239f8592f699aa5adaf10050e6e1823c",
                "sha256:75bb3f31ea686f1197762692a9ee6a7550b59fc6ca3a1f4b5d7e32fb98e2da2a"
            ],
            "index": "pypi",
            "version": "==2.8.1"
        },
        "requests": {
            "hashes": [
                "sha256:b3559a131db72c33ee969480840fff4bb6dd111de7dd27c8ee1f820f4f00231b",
                "sha256:fe75cc94a9443b9246fc7049224f75604b113c36acb93f87b80ed42c44cbb898"
            ],
            "index": "pypi",
            "version": "==2.24.0"
        },
        "s3transfer": {
            "hashes": [
                "sha256:2482b4259524933a022d59da830f51bd746db62f047d6eb213f2f8855dcb8a13",
                "sha256:921a37e2aefc64145e7b73d50c71bb4f26f46e4c9f414dc648c6245ff92cf7db"
            ],
            "version": "==0.3.3"
        },
        "six": {
            "hashes": [
                "sha256:236bdbdce46e6e6a3d61a337c0f8b763ca1e8717c03b369e87a7ec7ce1319c0a",
                "sha256:8f3cd2e254d8f793e7f3d6d9df77b92252b52637291d0f0da013c76ea2724b6c"
            ],
            "index": "pypi",
            "version": "==1.14.0"
        },
        "typing-extensions": {
            "hashes": [
                "sha256:091ecc894d5e908ac75209f10d5b4f118fbdb2eb1ede6a63544054bb1edb41f2",
                "sha256:910f4656f54de5993ad9304959ce9bb903f90aadc7c67a0bef07e678014e892d",
                "sha256:cf8b63fedea4d89bab840ecbb93e75578af28f76f66c35889bd7065f5af88575"
            ],
            "index": "pypi",
            "version": "==3.7.4.1"
        },
        "urllib3": {
            "hashes": [
                "sha256:2f3db8b19923a873b3e5256dc9c2dedfa883e33d87c690d9c7913e1f40673cdc",
                "sha256:87716c2d2a7121198ebcb7ce7cccf6ce5e9ba539041cfbaeecfb641dc0bf6acc"
            ],
            "index": "pypi",
            "version": "==1.25.8"
        },
        "webargs": {
            "hashes": [
                "sha256:4f04918864c7602886335d8099f9b8960ee698b6b914f022736ed50be6b71235",
                "sha256:871642a2e0c62f21d5b78f357750ac7a87e6bc734c972f633aa5fb6204fbf29a",
                "sha256:fc81c9f9d391acfbce406a319217319fd8b2fd862f7fdb5319ad06944f36ed25"
            ],
            "version": "==5.5.3"
        },
        "werkzeug": {
            "hashes": [
                "sha256:2de2a5db0baeae7b2d2664949077c2ac63fbd16d98da0ff71837f7d1dea3fd43",
                "sha256:6c80b1e5ad3665290ea39320b91e1be1e0d5f60652b964a3070216de83d2e47c"
            ],
            "version": "==1.0.1"
        }
    },
    "develop": {
        "appnope": {
            "hashes": [
                "sha256:5b26757dc6f79a3b7dc9fab95359328d5747fcb2409d331ea66d0272b90ab2a0",
                "sha256:8b995ffe925347a2138d7ac0fe77155e4311a0ea6d6da4f5128fe4b3cbe5ed71"
            ],
            "markers": "sys_platform == 'darwin'",
            "version": "==0.1.0"
        },
        "backcall": {
            "hashes": [
                "sha256:5cbdbf27be5e7cfadb448baf0aa95508f91f2bbc6c6437cd9cd06e2a4c215e1e",
                "sha256:fbbce6a29f263178a1f7915c1940bde0ec2b2a967566fe1c65c1dfb7422bd255"
            ],
            "version": "==0.2.0"
        },
        "certifi": {
            "hashes": [
                "sha256:5930595817496dd21bb8dc35dad090f1c2cd0adfaf21204bf6732ca5d8ee34d3",
                "sha256:8fc0819f1f30ba15bdb34cceffb9ef04d99f420f68eb75d901e9560b8749fc41"
            ],
            "version": "==2020.6.20"
        },
        "chardet": {
            "hashes": [
                "sha256:84ab92ed1c4d4f16916e05906b6b75a6c0fb5db821cc65e70cbd64a3e2a5eaae",
                "sha256:fc323ffcaeaed0e0a02bf4d117757b98aed530d9ed4531e3e15460124c106691"
            ],
            "version": "==3.0.4"
        },
        "decorator": {
            "hashes": [
                "sha256:41fa54c2a0cc4ba648be4fd43cff00aedf5b9465c9bf18d64325bc225f08f760",
                "sha256:e3a62f0520172440ca0dcc823749319382e377f37f140a0b99ef45fecb84bfe7"
            ],
            "version": "==4.4.2"
        },
        "docker": {
            "hashes": [
                "sha256:380a20d38fbfaa872e96ee4d0d23ad9beb0f9ed57ff1c30653cbeb0c9c0964f2",
                "sha256:672f51aead26d90d1cfce84a87e6f71fca401bbc2a6287be18603583620a28ba"
            ],
            "index": "pypi",
            "version": "==4.2.1"
        },
        "idna": {
            "hashes": [
                "sha256:b307872f855b18632ce0c21c5e45be78c0ea7ae4c15c828c20788b26921eb3f6",
                "sha256:b97d804b1e9b523befed77c48dacec60e6dcb0b5391d57af6a65a312a90648c0"
            ],
            "version": "==2.10"
        },
        "ipdb": {
            "hashes": [
                "sha256:d6f46d261c45a65e65a2f7ec69288a1c511e16206edb2875e7ec6b2f66997e78"
            ],
            "index": "pypi",
            "version": "==0.13.3"
        },
        "ipython": {
            "hashes": [
                "sha256:2dbcc8c27ca7d3cfe4fcdff7f45b27f9a8d3edfa70ff8024a71c7a8eb5f09d64",
                "sha256:9f4fcb31d3b2c533333893b9172264e4821c1ac91839500f31bd43f2c59b3ccf"
            ],
            "version": "==7.16.1"
        },
        "ipython-genutils": {
            "hashes": [
                "sha256:72dd37233799e619666c9f639a9da83c34013a73e8bbc79a7a6348d93c61fab8",
                "sha256:eb2e116e75ecef9d4d228fdc66af54269afa26ab4463042e33785b887c628ba8"
            ],
            "version": "==0.2.0"
        },
        "jedi": {
            "hashes": [
                "sha256:1ddb0ec78059e8e27ec9eb5098360b4ea0a3dd840bedf21415ea820c21b40a22",
                "sha256:807d5d4f96711a2bcfdd5dfa3b1ae6d09aa53832b182090b222b5efb81f52f63"
            ],
            "version": "==0.17.1"
        },
        "parso": {
            "hashes": [
                "sha256:158c140fc04112dc45bca311633ae5033c2c2a7b732fa33d0955bad8152a8dd0",
                "sha256:908e9fae2144a076d72ae4e25539143d40b8e3eafbaeae03c1bfe226f4cdf12c"
            ],
            "version": "==0.7.0"
        },
        "pexpect": {
            "hashes": [
                "sha256:0b48a55dcb3c05f3329815901ea4fc1537514d6ba867a152b581d69ae3710937",
                "sha256:fc65a43959d153d0114afe13997d439c22823a27cefceb5ff35c2178c6784c0c"
            ],
            "markers": "sys_platform != 'win32'",
            "version": "==4.8.0"
        },
        "pickleshare": {
            "hashes": [
                "sha256:87683d47965c1da65cdacaf31c8441d12b8044cdec9aca500cd78fc2c683afca",
                "sha256:9649af414d74d4df115d5d718f82acb59c9d418196b7b4290ed47a12ce62df56"
            ],
            "version": "==0.7.5"
        },
        "prompt-toolkit": {
            "hashes": [
                "sha256:563d1a4140b63ff9dd587bda9557cffb2fe73650205ab6f4383092fb882e7dc8",
                "sha256:df7e9e63aea609b1da3a65641ceaf5bc7d05e0a04de5bd45d05dbeffbabf9e04"
            ],
            "version": "==3.0.5"
        },
        "ptyprocess": {
            "hashes": [
                "sha256:923f299cc5ad920c68f2bc0bc98b75b9f838b93b599941a6b63ddbc2476394c0",
                "sha256:d7cc528d76e76342423ca640335bd3633420dc1366f258cb31d05e865ef5ca1f"
            ],
            "version": "==0.6.0"
        },
        "pygments": {
            "hashes": [
                "sha256:647344a061c249a3b74e230c739f434d7ea4d8b1d5f3721bc0f3558049b38f44",
                "sha256:ff7a40b4860b727ab48fad6360eb351cc1b33cbf9b15a0f689ca5353e9463324"
            ],
            "version": "==2.6.1"
        },
        "requests": {
            "hashes": [
                "sha256:b3559a131db72c33ee969480840fff4bb6dd111de7dd27c8ee1f820f4f00231b",
                "sha256:fe75cc94a9443b9246fc7049224f75604b113c36acb93f87b80ed42c44cbb898"
            ],
            "index": "pypi",
            "version": "==2.24.0"
        },
        "six": {
            "hashes": [
                "sha256:236bdbdce46e6e6a3d61a337c0f8b763ca1e8717c03b369e87a7ec7ce1319c0a",
                "sha256:8f3cd2e254d8f793e7f3d6d9df77b92252b52637291d0f0da013c76ea2724b6c"
            ],
            "index": "pypi",
            "version": "==1.14.0"
        },
        "traitlets": {
            "hashes": [
                "sha256:70b4c6a1d9019d7b4f6846832288f86998aa3b9207c6821f3578a6a6a467fe44",
                "sha256:d023ee369ddd2763310e4c3eae1ff649689440d4ae59d7485eb4cfbbe3e359f7"
            ],
            "version": "==4.3.3"
        },
        "uniflow": {
            "editable": true,
            "path": "."
        },
        "urllib3": {
            "hashes": [
                "sha256:2f3db8b19923a873b3e5256dc9c2dedfa883e33d87c690d9c7913e1f40673cdc",
                "sha256:87716c2d2a7121198ebcb7ce7cccf6ce5e9ba539041cfbaeecfb641dc0bf6acc"
            ],
            "index": "pypi",
            "version": "==1.25.8"
        },
        "wcwidth": {
            "hashes": [
                "sha256:beb4802a9cebb9144e99086eff703a642a13d6a0052920003a230f3294bbe784",
                "sha256:c4d647b99872929fdb7bdcaa4fbe7f01413ed3d98077df798530e5b04f116c83"
            ],
            "version": "==0.2.5"
        },
        "websocket-client": {
            "hashes": [
                "sha256:0fc45c961324d79c781bab301359d5a1b00b13ad1b10415a4780229ef71a5549",
                "sha256:d735b91d6d1692a6a181f2a8c9e0238e5f6373356f561bb9dc4c7af36f452010"
            ],
            "version": "==0.57.0"
        }
    }
}
