{
    "_meta": {
        "hash": {
            "sha256": "d9057602bff9824c19a2f0c2b2d96f790c0c851ea897e70f4f25cfda97ceb7c1"
        },
        "pipfile-spec": 6,
        "requires": {
            "python_version": "3.7"
        },
        "sources": [
            {
                "name": "pypi",
                "url": "https://pypi.org/simple",
                "verify_ssl": true
            }
        ]
    },
    "default": {
        "attrs": {
            "hashes": [
                "sha256:08a96c641c3a74e44eb59afb61a24f2cb9f4d7188748e76ba4bb5edfa3cb7d1c",
                "sha256:f7b7ce16570fe9965acd6d30101a28f62fb4a7f9e926b3bbc9b61f8b04247e72"
            ],
            "index": "pypi",
            "version": "==19.3.0"
        },
        "aws-cdk.assets": {
            "hashes": [
                "sha256:66e72c0a42e50c1cd4a1c68ac4b1ec23edc9de16adcc2d1240390863ebf22ea4",
                "sha256:c2f3d492e63c3ec9a1fd145040b3dff44f025e30c692e700c8e59a702fc94866"
            ],
            "index": "pypi",
            "version": "==1.31.0"
        },
        "aws-cdk.aws-cloudwatch": {
            "hashes": [
                "sha256:d97664e86dbaa6c35479a29b7126ad8fef3103cab40ac5951cdeb46a193ee016",
                "sha256:dda2ac933cf631dd9c115cf8c5e7e41d6eb9635fd86f75fc6a36dad419ffaf36"
            ],
            "index": "pypi",
            "version": "==1.31.0"
        },
        "aws-cdk.aws-ec2": {
            "hashes": [
                "sha256:6ac989f326cfb7cbc3e2cb9631b85d4691eb43874fa5359fb907b7c20a406084",
                "sha256:f072c555efd192de3c121dcff1a2c15d5f642ef814d32a3dd464bfc73f3e2d6e"
            ],
            "index": "pypi",
            "version": "==1.31.0"
        },
        "aws-cdk.aws-events": {
            "hashes": [
                "sha256:912507cf525669df625c912266b849d536d4783b73d62ea1a2cec6e8f232800f",
                "sha256:ab8faec63fafcf4e6c58db88c0ae38285b0d5374dcddf0dff9abc6e03e073bce"
            ],
            "index": "pypi",
            "version": "==1.31.0"
        },
        "aws-cdk.aws-iam": {
            "hashes": [
                "sha256:c7af75a5484b641e4a31e88a06decba6f00ac606e3933b7c788af2b76fd85ba8",
                "sha256:cb4ca30bd75b13e73a506070320539bf2564d9fc6af29b4ee57c35a825862363"
            ],
            "index": "pypi",
            "version": "==1.31.0"
        },
        "aws-cdk.aws-kms": {
            "hashes": [
                "sha256:0c651a39c1cb0ea956828578b52eb695e64d0a656f20fd612966a3d47bc4d640",
                "sha256:3d67dfe1ca78aa7f6cabba96e1cf4944794135aa4976d7871a8e98481228605b"
            ],
            "index": "pypi",
            "version": "==1.31.0"
        },
        "aws-cdk.aws-lambda": {
            "hashes": [
                "sha256:e8d8a55be03a100cde42f775d637fb930b14efe542d947152380104a500f7857",
                "sha256:ef630c2172c8ea2911d45922d7a6ea96ab08f5c36d641d5f19525ccbd8dcbe03"
            ],
            "index": "pypi",
            "version": "==1.31.0"
        },
        "aws-cdk.aws-logs": {
            "hashes": [
                "sha256:4a32e40c7fd78d2313b9a54c01a0038fda57061e7765cf720a9efd558b66b1ca",
                "sha256:dbf671835b23c06b6fb2a01c0f7a51e034be11c69636f94a4b340aa0cdb686cd"
            ],
            "index": "pypi",
            "version": "==1.31.0"
        },
        "aws-cdk.aws-s3": {
            "hashes": [
                "sha256:4f8dfaec3a4c2ad8f08a562c32a672a420e05e1d644713cb112b31d0e8988e53",
                "sha256:6b31e26b4203168fc1422633a881b5f0de80fbde466716b961398f8dd4edc470"
            ],
            "index": "pypi",
            "version": "==1.31.0"
        },
        "aws-cdk.aws-s3-assets": {
            "hashes": [
                "sha256:33ccca625ac7d8d00c0367d8caabee8f74f19e8282878217fa6f16f05141e608",
                "sha256:3a6bc869c3b576fe162f580e269e0345ee82dde07ec59a383e97435412c91ec2"
            ],
            "index": "pypi",
            "version": "==1.31.0"
        },
        "aws-cdk.aws-sqs": {
            "hashes": [
                "sha256:c57905f7e96b4674db3c07a7edd7db87da026c1fb0cf2e47cf1409972f802c6e",
                "sha256:c61dd4e52af809107458b838eed17d34b4533bec90b3a9e4a4f63ff0d0341c88"
            ],
            "index": "pypi",
            "version": "==1.31.0"
        },
        "aws-cdk.aws-ssm": {
            "hashes": [
                "sha256:01a7eb8a9174505588a3a99942a86b90114a2e702bf1af3f5968694a9bbc412b",
                "sha256:79225a97dba3ec67366f70dbe3f527d5ae34868deeed0e75555757cdfc491cb2"
            ],
            "index": "pypi",
            "version": "==1.31.0"
        },
        "aws-cdk.core": {
            "hashes": [
                "sha256:b3f3b7bd9cf1c3cb76cf6cde04da4931ea18818f6bc83213cde5cba286d29fef",
                "sha256:bac3d635d4555236f717343c58ec18590950335c943da75badca65f9d61cfacc"
            ],
            "index": "pypi",
            "version": "==1.31.0"
        },
        "aws-cdk.cx-api": {
            "hashes": [
                "sha256:21e4c4adf407859b5826bcd6be7722244db0db171c715b34756d475805fc0d4e",
                "sha256:6da0f81dc2140349738877364d69a63c54bbef1f2b31b2aec7dacc637cc18604"
            ],
            "index": "pypi",
            "version": "==1.31.0"
        },
        "aws-cdk.region-info": {
            "hashes": [
                "sha256:449630fb348256ac4a08cab59eb9443afb7733af531049a25faf1d9e22f43161",
                "sha256:8bfc82edb4250c0c3ddf915fc82c7ca95242938c523f50b321e51a6a82bfd5ad"
            ],
            "index": "pypi",
            "version": "==1.31.0"
        },
        "cattrs": {
            "hashes": [
                "sha256:616972ae3dfa6e623a40ad3cb845420e64942989152774ab055e5c2b2f89f997",
                "sha256:b7ab5cf8ad127c42eefd01410c1c6e28569a45a255ea80ed968511873c433c7a"
            ],
            "index": "pypi",
            "version": "==1.0.0"
        },
        "click": {
            "hashes": [
                "sha256:8a18b4ea89d8820c5d0c7da8a64b2c324b4dabb695804dbfea19b9be9d88c0cc",
                "sha256:e345d143d80bf5ee7534056164e5e112ea5e22716bbb1ce727941f4c8b471b9a"
            ],
            "index": "pypi",
            "version": "==7.1.1"
        },
        "coloredlogs": {
            "hashes": [
                "sha256:346f58aad6afd48444c2468618623638dadab76e4e70d5e10822676f2d32226a",
                "sha256:a1fab193d2053aa6c0a97608c4342d031f1f93a3d1218432c59322441d31a505"
            ],
            "index": "pypi",
            "version": "==14.0"
        },
        "constructs": {
            "hashes": [
                "sha256:2cc51e2feb2dd9b28220ac5ab5743eeb1bcd02730be5cfc16d1e3850894c6639",
                "sha256:fa63d7c13ddc72ae37c71760e0b732fabe7c9d145d1ee502cbf7a16fee0d5e7e"
            ],
            "index": "pypi",
            "version": "==2.0.0"
        },
        "humanfriendly": {
            "hashes": [
                "sha256:25c2108a45cfd1e8fbe9cdb30b825d34ef5d5675c8e11e4775c9aedbfb0bdee2",
                "sha256:3a831920e40e55ad49adb64c9179ed50c604cabca72cd300e7bd5b51310e4ebb"
            ],
            "version": "==8.1"
        },
        "jsii": {
            "hashes": [
                "sha256:30ac1c704641363084bf752d8592a144f4a1cb35f7d03adcb0ae6c80ef6394f1",
                "sha256:77787b0ece3df3b01eec73ca870628b7a9fbc0068315a99ea8098979596e6861"
            ],
            "index": "pypi",
            "version": "==1.1.0"
        },
        "publication": {
            "hashes": [
                "sha256:0248885351febc11d8a1098d5c8e3ab2dabcf3e8c0c96db1e17ecd12b53afbe6",
                "sha256:68416a0de76dddcdd2930d1c8ef853a743cc96c82416c4e4d3b5d901c6276dc4"
            ],
            "index": "pypi",
            "version": "==0.0.3"
        },
        "python-dateutil": {
            "hashes": [
                "sha256:73ebfe9dbf22e832286dafa60473e4cd239f8592f699aa5adaf10050e6e1823c",
                "sha256:75bb3f31ea686f1197762692a9ee6a7550b59fc6ca3a1f4b5d7e32fb98e2da2a"
            ],
            "index": "pypi",
            "version": "==2.8.1"
        },
        "six": {
            "hashes": [
                "sha256:236bdbdce46e6e6a3d61a337c0f8b763ca1e8717c03b369e87a7ec7ce1319c0a",
                "sha256:8f3cd2e254d8f793e7f3d6d9df77b92252b52637291d0f0da013c76ea2724b6c"
            ],
            "index": "pypi",
            "version": "==1.14.0"
        },
        "typing-extensions": {
            "hashes": [
                "sha256:091ecc894d5e908ac75209f10d5b4f118fbdb2eb1ede6a63544054bb1edb41f2",
                "sha256:910f4656f54de5993ad9304959ce9bb903f90aadc7c67a0bef07e678014e892d",
                "sha256:cf8b63fedea4d89bab840ecbb93e75578af28f76f66c35889bd7065f5af88575"
            ],
            "index": "pypi",
            "version": "==3.7.4.1"
        },
        "urllib3": {
            "hashes": [
                "sha256:2f3db8b19923a873b3e5256dc9c2dedfa883e33d87c690d9c7913e1f40673cdc",
                "sha256:87716c2d2a7121198ebcb7ce7cccf6ce5e9ba539041cfbaeecfb641dc0bf6acc"
            ],
            "index": "pypi",
            "version": "==1.25.8"
        }
    },
    "develop": {
        "appnope": {
            "hashes": [
                "sha256:5b26757dc6f79a3b7dc9fab95359328d5747fcb2409d331ea66d0272b90ab2a0",
                "sha256:8b995ffe925347a2138d7ac0fe77155e4311a0ea6d6da4f5128fe4b3cbe5ed71"
            ],
            "markers": "sys_platform == 'darwin'",
            "version": "==0.1.0"
        },
        "backcall": {
            "hashes": [
                "sha256:38ecd85be2c1e78f77fd91700c76e14667dc21e2713b63876c0eb901196e01e4",
                "sha256:bbbf4b1e5cd2bdb08f915895b51081c041bac22394fdfcfdfbe9f14b77c08bf2"
            ],
            "version": "==0.1.0"
        },
        "certifi": {
            "hashes": [
                "sha256:017c25db2a153ce562900032d5bc68e9f191e44e9a0f762f373977de9df1fbb3",
                "sha256:25b64c7da4cd7479594d035c08c2d809eb4aab3a26e5a990ea98cc450c320f1f"
            ],
            "version": "==2019.11.28"
        },
        "chardet": {
            "hashes": [
                "sha256:84ab92ed1c4d4f16916e05906b6b75a6c0fb5db821cc65e70cbd64a3e2a5eaae",
                "sha256:fc323ffcaeaed0e0a02bf4d117757b98aed530d9ed4531e3e15460124c106691"
            ],
            "version": "==3.0.4"
        },
        "decorator": {
            "hashes": [
                "sha256:41fa54c2a0cc4ba648be4fd43cff00aedf5b9465c9bf18d64325bc225f08f760",
                "sha256:e3a62f0520172440ca0dcc823749319382e377f37f140a0b99ef45fecb84bfe7"
            ],
            "version": "==4.4.2"
        },
        "docker": {
            "hashes": [
                "sha256:1c2ddb7a047b2599d1faec00889561316c674f7099427b9c51e8cb804114b553",
                "sha256:ddae66620ab5f4bce769f64bcd7934f880c8abe6aa50986298db56735d0f722e"
            ],
            "index": "pypi",
            "version": "==4.2.0"
        },
        "idna": {
            "hashes": [
                "sha256:7588d1c14ae4c77d74036e8c22ff447b26d0fde8f007354fd48a7814db15b7cb",
                "sha256:a068a21ceac8a4d63dbfd964670474107f541babbd2250d61922f029858365fa"
            ],
            "version": "==2.9"
        },
        "ipdb": {
            "hashes": [
                "sha256:77fb1c2a6fccdfee0136078c9ed6fe547ab00db00bebff181f1e8c9e13418d49"
            ],
            "index": "pypi",
            "version": "==0.13.2"
        },
        "ipython": {
            "hashes": [
                "sha256:ca478e52ae1f88da0102360e57e528b92f3ae4316aabac80a2cd7f7ab2efb48a",
                "sha256:eb8d075de37f678424527b5ef6ea23f7b80240ca031c2dd6de5879d687a65333"
            ],
            "version": "==7.13.0"
        },
        "ipython-genutils": {
            "hashes": [
                "sha256:72dd37233799e619666c9f639a9da83c34013a73e8bbc79a7a6348d93c61fab8",
                "sha256:eb2e116e75ecef9d4d228fdc66af54269afa26ab4463042e33785b887c628ba8"
            ],
            "version": "==0.2.0"
        },
        "jedi": {
            "hashes": [
                "sha256:b4f4052551025c6b0b0b193b29a6ff7bdb74c52450631206c262aef9f7159ad2",
                "sha256:d5c871cb9360b414f981e7072c52c33258d598305280fef91c6cae34739d65d5"
            ],
            "version": "==0.16.0"
        },
        "parso": {
            "hashes": [
                "sha256:0c5659e0c6eba20636f99a04f469798dca8da279645ce5c387315b2c23912157",
                "sha256:8515fc12cfca6ee3aa59138741fc5624d62340c97e401c74875769948d4f2995"
            ],
            "version": "==0.6.2"
        },
        "pexpect": {
            "hashes": [
                "sha256:0b48a55dcb3c05f3329815901ea4fc1537514d6ba867a152b581d69ae3710937",
                "sha256:fc65a43959d153d0114afe13997d439c22823a27cefceb5ff35c2178c6784c0c"
            ],
            "markers": "sys_platform != 'win32'",
            "version": "==4.8.0"
        },
        "pickleshare": {
            "hashes": [
                "sha256:87683d47965c1da65cdacaf31c8441d12b8044cdec9aca500cd78fc2c683afca",
                "sha256:9649af414d74d4df115d5d718f82acb59c9d418196b7b4290ed47a12ce62df56"
            ],
            "version": "==0.7.5"
        },
        "prompt-toolkit": {
            "hashes": [
                "sha256:563d1a4140b63ff9dd587bda9557cffb2fe73650205ab6f4383092fb882e7dc8",
                "sha256:df7e9e63aea609b1da3a65641ceaf5bc7d05e0a04de5bd45d05dbeffbabf9e04"
            ],
            "version": "==3.0.5"
        },
        "ptyprocess": {
            "hashes": [
                "sha256:923f299cc5ad920c68f2bc0bc98b75b9f838b93b599941a6b63ddbc2476394c0",
                "sha256:d7cc528d76e76342423ca640335bd3633420dc1366f258cb31d05e865ef5ca1f"
            ],
            "version": "==0.6.0"
        },
        "pygments": {
            "hashes": [
                "sha256:647344a061c249a3b74e230c739f434d7ea4d8b1d5f3721bc0f3558049b38f44",
                "sha256:ff7a40b4860b727ab48fad6360eb351cc1b33cbf9b15a0f689ca5353e9463324"
            ],
            "version": "==2.6.1"
        },
        "requests": {
            "hashes": [
                "sha256:43999036bfa82904b6af1d99e4882b560e5e2c68e5c4b0aa03b655f3d7d73fee",
                "sha256:b3f43d496c6daba4493e7c431722aeb7dbc6288f52a6e04e7b6023b0247817e6"
            ],
            "version": "==2.23.0"
        },
        "six": {
            "hashes": [
                "sha256:236bdbdce46e6e6a3d61a337c0f8b763ca1e8717c03b369e87a7ec7ce1319c0a",
                "sha256:8f3cd2e254d8f793e7f3d6d9df77b92252b52637291d0f0da013c76ea2724b6c"
            ],
            "index": "pypi",
            "version": "==1.14.0"
        },
        "traitlets": {
            "hashes": [
                "sha256:70b4c6a1d9019d7b4f6846832288f86998aa3b9207c6821f3578a6a6a467fe44",
                "sha256:d023ee369ddd2763310e4c3eae1ff649689440d4ae59d7485eb4cfbbe3e359f7"
            ],
            "version": "==4.3.3"
        },
        "uniflow": {
            "editable": true,
            "path": "."
        },
        "urllib3": {
            "hashes": [
                "sha256:2f3db8b19923a873b3e5256dc9c2dedfa883e33d87c690d9c7913e1f40673cdc",
                "sha256:87716c2d2a7121198ebcb7ce7cccf6ce5e9ba539041cfbaeecfb641dc0bf6acc"
            ],
            "index": "pypi",
            "version": "==1.25.8"
        },
        "wcwidth": {
            "hashes": [
                "sha256:cafe2186b3c009a04067022ce1dcd79cb38d8d65ee4f4791b8888d6599d1bbe1",
                "sha256:ee73862862a156bf77ff92b09034fc4825dd3af9cf81bc5b360668d425f3c5f1"
            ],
            "version": "==0.1.9"
        },
        "websocket-client": {
            "hashes": [
                "sha256:0fc45c961324d79c781bab301359d5a1b00b13ad1b10415a4780229ef71a5549",
                "sha256:d735b91d6d1692a6a181f2a8c9e0238e5f6373356f561bb9dc4c7af36f452010"
            ],
            "version": "==0.57.0"
        }
    }
}
