{
    "_meta": {
        "hash": {
            "sha256": "d67b92e02207eedb48f3ccd05fedec44b47be5a695fb72e3e7aa9925f113cbfc"
        },
        "pipfile-spec": 6,
        "requires": {
            "python_version": "3.7"
        },
        "sources": [
            {
                "name": "pypi",
                "url": "https://pypi.org/simple",
                "verify_ssl": true
            }
        ]
    },
    "default": {
        "apispec": {
            "hashes": [
                "sha256:b65063e11968a8c26dbbe9b4100ee24026a41cc358dd204df279bdedd7d8dea2",
                "sha256:f5244ccca33f7a81309f6b3c9d458e33e869050c2d861b9f8cee24b3ad739d2b"
            ],
            "version": "==3.3.1"
        },
        "attrs": {
            "hashes": [
                "sha256:08a96c641c3a74e44eb59afb61a24f2cb9f4d7188748e76ba4bb5edfa3cb7d1c",
                "sha256:f7b7ce16570fe9965acd6d30101a28f62fb4a7f9e926b3bbc9b61f8b04247e72"
            ],
            "index": "pypi",
            "version": "==19.3.0"
        },
        "aws-cdk-aws-apigateway": {
            "hashes": [
                "sha256:cd678b71693c4cc401f7415f8c5c4ba75c792e6f8ae8b2c0651948ea8333eadf"
            ],
            "index": "pypi",
            "version": "==1.54.0"
        },
        "aws-cdk-aws-batch": {
            "hashes": [
                "sha256:6f065c948fdaad8677f2695782f1f066ffd8117f2da390bdf3c1fb421fcb0e8d"
            ],
            "index": "pypi",
            "version": "==1.54.0"
        },
        "aws-cdk-aws-dynamodb": {
            "hashes": [
                "sha256:e67b459216126aa9bbee0760af694f7b1a50cdf89daec20810f41739815c3feb"
            ],
            "index": "pypi",
            "version": "==1.54.0"
        },
        "aws-cdk-aws-lambda-event-sources": {
            "hashes": [
                "sha256:d386c6f70f555f9ed588b42eabbc737f484fa46fd921fd7d369489bda96391e5"
            ],
            "index": "pypi",
            "version": "==1.54.0"
        },
        "aws-cdk.assets": {
            "hashes": [
                "sha256:065bff18ad1b0ff84c2e6048795ae530402936e19bfc0a0794241e56c2b30cc4",
                "sha256:5f4b0ce67210797e32fcd7743840c5ea4306bdb29b1dda6634ceae76f8f2a2eb"
            ],
            "index": "pypi",
            "version": "==1.54.0"
        },
        "aws-cdk.aws-apigateway": {
            "hashes": [
                "sha256:03cdb2fc7908657e0df4b5aec1c6cada360b9833e2634ada4ca5513924bbe617",
                "sha256:cd678b71693c4cc401f7415f8c5c4ba75c792e6f8ae8b2c0651948ea8333eadf"
            ],
            "version": "==1.54.0"
        },
        "aws-cdk.aws-applicationautoscaling": {
            "hashes": [
                "sha256:4d8839769a1ceb037bde54c85bd828c59e6260b72d99fd510f2d0a52e6dc2a01",
                "sha256:88273b5e15ffa4dd8cb3afbbd814ee5afa93d2c59e03f573eff34dcd3efc59c4"
            ],
            "version": "==1.54.0"
        },
        "aws-cdk.aws-autoscaling": {
            "hashes": [
                "sha256:a293c0997c4e4db3c8a1d70caf3e3229bcc45a8edb21d0c4ed5aa1efb7cb6957",
                "sha256:f19aede09be78c71f5172bb32d12ac775254672648bebd4e938ef04fd8d8b5eb"
            ],
            "version": "==1.54.0"
        },
        "aws-cdk.aws-autoscaling-common": {
            "hashes": [
                "sha256:145f8659f102cdc06614e9f4d7a860d6e1326c1380c6650903c251b86585631d",
                "sha256:bdb584d31f63e28a4cff3e7ba0f72b46f6802fc1676cec1597c15969dd852820"
            ],
            "version": "==1.54.0"
        },
        "aws-cdk.aws-autoscaling-hooktargets": {
            "hashes": [
                "sha256:0a59cf3066f685415895a9069337e8d33917e16741e930357349399996f4f1c6",
                "sha256:43166a8c89e254e285545f3018c0a79cd1b2bb73d7639f4e6c25da575f54733d"
            ],
            "version": "==1.54.0"
        },
        "aws-cdk.aws-batch": {
            "hashes": [
                "sha256:6f065c948fdaad8677f2695782f1f066ffd8117f2da390bdf3c1fb421fcb0e8d",
                "sha256:a2d5face8ef74681eece10974447b0f2a4d474028641fbacfe0f1311365482b3"
            ],
            "version": "==1.54.0"
        },
        "aws-cdk.aws-certificatemanager": {
            "hashes": [
                "sha256:379011d6efda3e76bdd71349b66724c892b62aa7a043c3d7fb12a9b94abdd893",
                "sha256:45e9a9cc7042bd1b73c35cb006a7dadac86258b840d4136f20b080aeae90479e"
            ],
            "version": "==1.54.0"
        },
        "aws-cdk.aws-cloudformation": {
            "hashes": [
                "sha256:5decba8b9cef6fe1967de15ad7cacbd959381152b06139e1617df56090d40e51",
                "sha256:699f19a39fe86aed2a74ddebd57a8aae4d33b22eca9bb8c4fb3aef36808fe6f4"
            ],
            "version": "==1.54.0"
        },
        "aws-cdk.aws-cloudfront": {
            "hashes": [
                "sha256:4ecee27061bdda47959c11238fbcf900664c9b5700b8d35b82b45be89dfecd09",
                "sha256:9f7ec57375db0ee3d24930ed514baabdf3b46983ec26e6500d7e138b2b70af8f"
            ],
            "version": "==1.54.0"
        },
        "aws-cdk.aws-cloudwatch": {
            "hashes": [
                "sha256:026308ce1fabd5d287a524ab0e8d00e9abd1077cc0d7c855e1485e5bc6f0f63c",
                "sha256:b2c424cff5f958ac725f1eb1435c3bc9990d5f8d0a08255a230d6b674ae87edb"
            ],
            "index": "pypi",
            "version": "==1.54.0"
        },
        "aws-cdk.aws-codeguruprofiler": {
            "hashes": [
                "sha256:d21f880c12349640db187fc98e945cc53d4a21c02bc7790a3dafbfa6ad15fe6e",
                "sha256:de8e237d354f51d5fb3ac41c91fa09067bb02abf501096cbadf23d0e171ddff7"
            ],
            "version": "==1.54.0"
        },
        "aws-cdk.aws-cognito": {
            "hashes": [
                "sha256:554a22425756cdc1ada4ea2397be19854e4fbd1bf4b51de8465a9edb9127be41",
                "sha256:90222fb8f883c1f458752ef7ce423f366dabcc2242e2129091bd31778855a2b7"
            ],
            "version": "==1.54.0"
        },
        "aws-cdk.aws-dynamodb": {
            "hashes": [
                "sha256:e67b459216126aa9bbee0760af694f7b1a50cdf89daec20810f41739815c3feb",
                "sha256:ec7a575f30adc09bdf6f6a001fb4dd9e01e57a9ac3ce3a85470af5e822f53734"
            ],
            "version": "==1.54.0"
        },
        "aws-cdk.aws-ec2": {
            "hashes": [
                "sha256:4599e91e061ffec3d0ec946706c9a5c2c1199d897836e66df86a581d2409b7e7",
                "sha256:98ecf922ef4f96c0bca04859126d296f2973cd791069f2619ac0d7078912fa63"
            ],
            "index": "pypi",
            "version": "==1.54.0"
        },
        "aws-cdk.aws-ecr": {
            "hashes": [
                "sha256:c12d06830162432073de06462f181f0c977eb09ec942feae345e75a6b78d458f",
                "sha256:e47affb9b52b642b67d399cf5be213af2c46bbd112194702bcc35db4588bc71f"
            ],
            "version": "==1.54.0"
        },
        "aws-cdk.aws-ecr-assets": {
            "hashes": [
                "sha256:220ff1bbae357743b3a3bc0855d17cbd5d5700ecb1a5a6ceac13f385363fbe29",
                "sha256:fbceb167c833652c54d68e9eff5946dd8a262f4296434f142ccb212830e59965"
            ],
            "version": "==1.54.0"
        },
        "aws-cdk.aws-ecs": {
            "hashes": [
                "sha256:853f5e1c592999a385283a2bd5c676b62620a73a6912ce61e0b8ccfdb00ad3d7",
                "sha256:de5050fda888382002ca44cb52fc6a16c34315e8daeb52e9ce1b4596602fb0db"
            ],
            "version": "==1.54.0"
        },
        "aws-cdk.aws-efs": {
            "hashes": [
                "sha256:2217ecb3f376905c82c3246f0b312a2bf797cb4377e036bb0a38137c6925b26e",
                "sha256:fbee6fb26ffc2acf544ce5172f5fb3bf303c39cb9032f9c1075cf62444658699"
            ],
            "version": "==1.54.0"
        },
        "aws-cdk.aws-elasticloadbalancing": {
            "hashes": [
                "sha256:17a8449486345524bee065d60fd64272d6d28663681e8bbe5046010c395c351a",
                "sha256:70b79d5b37ca6d29d7fcf8fdc3a72b2c4509355b8e645337ca9577c923745f3b"
            ],
            "version": "==1.54.0"
        },
        "aws-cdk.aws-elasticloadbalancingv2": {
            "hashes": [
                "sha256:709f4778bf6bacd7bcdecece8d2b7a0d953ca8cb9a335cf474ea74c858c10895",
                "sha256:e3a6b2daa65eb557ed7d566470257179d6a9504445ae6a0c3bdf25be941573d4"
            ],
            "version": "==1.54.0"
        },
        "aws-cdk.aws-events": {
            "hashes": [
                "sha256:ab564e01959fbe5a7f0fe2e9026834a21f4b167aa5022596231dbff85278fc14",
                "sha256:f2d4b89750d237b7b744f63d7b6701da3c3bccb2c2ce095986f5f6b6ee42e468"
            ],
            "index": "pypi",
            "version": "==1.54.0"
        },
        "aws-cdk.aws-glue": {
            "hashes": [
                "sha256:2b4baa9bf78dae76fe8dd3367739267fd55ec084873aa2281533328f8e71bd81",
                "sha256:4d7acd08ebced978405aad2b2075fc6dd3757375cd488034145eb35cdd08a3a6"
            ],
            "version": "==1.54.0"
        },
        "aws-cdk.aws-iam": {
            "hashes": [
                "sha256:0d2aa142d19d4b36dff531cace8194ffc442bab78232b0ba96753be241f75b17",
                "sha256:989db3a60b9a01d1d2a1afdd96a779ad70aa684a63ae2d6c63cd2fbf54d72261"
            ],
            "index": "pypi",
            "version": "==1.54.0"
        },
        "aws-cdk.aws-kinesis": {
            "hashes": [
                "sha256:4c9296346871fbba6f95c08a329dc9480457e2bb1aa17fa40f9b198337416337",
                "sha256:b21b78e3569dc63ddd4d02bc362a8fec1b66a78b2e5aeb705fb2e251efa5e46c"
            ],
            "version": "==1.54.0"
        },
        "aws-cdk.aws-kms": {
            "hashes": [
                "sha256:03212aaa8f32e250fe12d9071f196f02981955da30bfea29dc7668c703dac010",
                "sha256:0f35ef99130320bc7a0f8b10315221af4137f2f7bda3ec796b0981b719b5c26a"
            ],
            "index": "pypi",
            "version": "==1.54.0"
        },
        "aws-cdk.aws-lambda": {
            "hashes": [
                "sha256:05f142ebb16262ba836461c24fdeeff0d095e9755c76b213c19847ba4da3cf27",
                "sha256:36d7140b0d7eb0c7fc5532b95b68dc0d205cc93a76a24b49e5337f8f037f061d"
            ],
            "index": "pypi",
            "version": "==1.54.0"
        },
        "aws-cdk.aws-logs": {
            "hashes": [
                "sha256:7fef93d5e33920bf8019e6b9d7884cd46b71f14cb479b5a3fab42bfea36effd6",
                "sha256:a52186fdcfe1153d76c1f531be72f824440069a6b628bcdbbcff5889e584938b"
            ],
            "index": "pypi",
            "version": "==1.54.0"
        },
        "aws-cdk.aws-route53": {
            "hashes": [
                "sha256:0875c5c5731cdb3b0b36779a8d7fb7260655af5847550bd5e726a608895a0896",
                "sha256:44da09db6f7567ee4ab69a43f5d1b806f506a774e3e678445e21f6db24a22c79"
            ],
            "version": "==1.54.0"
        },
        "aws-cdk.aws-route53-targets": {
            "hashes": [
                "sha256:e2e08b99f8872ee222c3a1b4616bf1790ab1c5f2687dc4ec3cc26d6316e29b97",
                "sha256:fbc33b3f4ecf2687e0d8f8c258c31fe14a65ad37e982553cf4650a85e0a7d1fa"
            ],
            "version": "==1.54.0"
        },
        "aws-cdk.aws-s3": {
            "hashes": [
                "sha256:bd958e4102df26cc8321df5675fdf9205138f1df749d259c39aff924d18399f8",
                "sha256:f39e2514600bcca29d0b90bf6436857334d0ce2cf8555f6ca1cba4b4c5d09365"
            ],
            "index": "pypi",
            "version": "==1.54.0"
        },
        "aws-cdk.aws-s3-assets": {
            "hashes": [
                "sha256:4678e19ab7f55d21ad43a9bb154287817d67fa442f56f3db7ed37767f3453f24",
                "sha256:62fc633ee1a92d3f55a99271b2eb004af0eb8be5e8ad0d219922402fb435fdb5"
            ],
            "index": "pypi",
            "version": "==1.54.0"
        },
        "aws-cdk.aws-s3-notifications": {
            "hashes": [
                "sha256:45eca9d71c15292cf13b9e7d5b0c0ddefc54b4a482fe0cbb79e4c3fbb7b37c93",
                "sha256:5292fa604df05372783dcf2c452c0a75aa1bb34e079590f1f7f34dfe7d61d247"
            ],
            "version": "==1.54.0"
        },
        "aws-cdk.aws-sam": {
            "hashes": [
                "sha256:22c3e853b0e6a6e714cce53b5ff4851e6ecd53d91dc49a0fd0251876fa097b6c",
                "sha256:d92aae281a42435ad78af85ebbdd52b77239096dfdc1db6a4f41a5db1cb0a0df"
            ],
            "version": "==1.54.0"
        },
        "aws-cdk.aws-secretsmanager": {
            "hashes": [
                "sha256:41798ebad6e0b8c1d793150ba3d07ee487001c8329d8b9406d9df9373e785082",
                "sha256:5af06e623e42db86b6367898e3428acd9497773540433a88cd312c08067a0bd2"
            ],
            "version": "==1.54.0"
        },
        "aws-cdk.aws-servicediscovery": {
            "hashes": [
                "sha256:96bc27d0ac2eb7782b6529e9c96b166fdfe51f5d6aa2183a604d5fa706b1e988",
                "sha256:99fe979475645771a07b5591e8c09abb6634063441fb2def2f3c607fdffbccec"
            ],
            "version": "==1.54.0"
        },
        "aws-cdk.aws-sns": {
            "hashes": [
                "sha256:72d18016f16328c052f79765c553e0cb45750a15bfa057a6d0b3e4fa78568539",
                "sha256:a65d0eeedc6148fca7bb335225b422520d273c91db1c7837847446fd31b2883b"
            ],
            "version": "==1.54.0"
        },
        "aws-cdk.aws-sns-subscriptions": {
            "hashes": [
                "sha256:8b96aefe403cabc995f002e982db881b25bedef5dcc9ca4af01504272d0da138",
                "sha256:a65db3274b9bd1d9184745b2cd4b934e5f67784d36b001fac7a48bdc3a6a3c51"
            ],
            "version": "==1.54.0"
        },
        "aws-cdk.aws-sqs": {
            "hashes": [
                "sha256:688676de031317796ea3c971655ec6b78fcd9c1094839d87dea3d9a417c5df2f",
                "sha256:e3b7023b04cff2f4d34f058ff1c3f281bad50d59e233d4504f778d54f57432a7"
            ],
            "index": "pypi",
            "version": "==1.54.0"
        },
        "aws-cdk.aws-ssm": {
            "hashes": [
                "sha256:8ac0a96a37369bb1a4647e98430da5f2e0ae00b1d013ab162d60a1a94ff6ebfb",
                "sha256:a622d8e3c9f7de4dbbe3ce6b3c4a5037716a9d75f499e66d73b0c0f3e6734bea"
            ],
            "index": "pypi",
            "version": "==1.54.0"
        },
        "aws-cdk.aws-stepfunctions": {
            "hashes": [
                "sha256:20fbb1a3180a533b48b9b8a92e24b0783454fa95d7a9a69ffe4cc0b17f272538",
                "sha256:88cfd225fa6bf46c1c4cfb47e7a06a51369405a1b58e0ad4c2696944d28c6c7e"
            ],
            "index": "pypi",
            "version": "==1.54.0"
        },
        "aws-cdk.aws-stepfunctions-tasks": {
            "hashes": [
                "sha256:3b8df87084f3adb9361eef67565deeda1d8ceb1827f4e01068befb5feaeca2f9",
                "sha256:79ce5c1bb4b48058c0945c5eac2cce45550fd37b65b359f8096869fd7d3dfa8e"
            ],
            "index": "pypi",
            "version": "==1.54.0"
        },
        "aws-cdk.cloud-assembly-schema": {
            "hashes": [
                "sha256:3938f16a5f29517a2f17da0f5f778d624401f8463bf516f03c6a0a6ca636c215",
                "sha256:75845a58f44d390570dd509731d872f85ba5f0c086c8d36eee8b23d24ae7a962"
            ],
            "version": "==1.54.0"
        },
        "aws-cdk.core": {
            "hashes": [
                "sha256:04a1b0c3766182c19c103c161b912072905eeb3e72c96eb4d16a499ba517abf5",
                "sha256:4265ebefd8a14d3ceeb237a2da8a80ebcfbc4f09187aec5daf0cab9c9341cfe9"
            ],
            "index": "pypi",
            "version": "==1.54.0"
        },
        "aws-cdk.custom-resources": {
            "hashes": [
                "sha256:38c91242c2ec9d3b67557044a591bce5297853019fb313ba678b74cab1f814bd",
                "sha256:76d4d6504e809c8b4cd1a5debda412ed261851c89daf9146c6de52d569b30a96"
            ],
            "version": "==1.54.0"
        },
        "aws-cdk.cx-api": {
            "hashes": [
                "sha256:211e82b5f64b7903a04b5f3e8c9ad5e7accc3f3469f5648ba67e07c9a6fd09e4",
                "sha256:444dec152a1ecff826b82a0166c31a55aa5c2acc6fa470c720866c77b70d7c7a"
            ],
            "index": "pypi",
            "version": "==1.54.0"
        },
        "aws-cdk.region-info": {
            "hashes": [
                "sha256:d00b0f5fdb502e99205c344aebdd3a23c5595e38e6bbfbf4943ccff5e8d82b70",
                "sha256:ec316422e489026248347364813c9f6f25db35a1226c3577cd5a92909ffc3b3e"
            ],
            "index": "pypi",
            "version": "==1.54.0"
        },
        "aws-lambda-wsgi": {
            "hashes": [
                "sha256:28669d8168a46b49a77ba127711f4db05ccd35379bbcbcc28ef515b9c8ce0c67",
                "sha256:54ac15c5586f72b1429253bdcb487b7214a348713fd0034de7d45e849224e893"
            ],
            "version": "==0.0.6"
        },
        "boto3": {
            "hashes": [
                "sha256:3aad418cb5a20f522f3d0267caefb5582324f5af60fe093ace12e69847cf72cd",
                "sha256:d33af62c691c0078326970ec4f09bef4b8822bdfa7eca3a6c26b6b4c016c32d7"
            ],
            "index": "pypi",
            "version": "==1.14.38"
        },
        "botocore": {
            "hashes": [
                "sha256:37de221e9b9ba8a3225387d7a4d5313d55ff78e32a2986cce682cb21418b9ee3"
            ],
            "version": "==1.17.38"
        },
        "cattrs": {
            "hashes": [
                "sha256:616972ae3dfa6e623a40ad3cb845420e64942989152774ab055e5c2b2f89f997",
                "sha256:b7ab5cf8ad127c42eefd01410c1c6e28569a45a255ea80ed968511873c433c7a"
            ],
            "index": "pypi",
            "version": "==1.0.0"
        },
        "certifi": {
            "hashes": [
                "sha256:5930595817496dd21bb8dc35dad090f1c2cd0adfaf21204bf6732ca5d8ee34d3",
                "sha256:8fc0819f1f30ba15bdb34cceffb9ef04d99f420f68eb75d901e9560b8749fc41"
            ],
            "version": "==2020.6.20"
        },
        "chardet": {
            "hashes": [
                "sha256:84ab92ed1c4d4f16916e05906b6b75a6c0fb5db821cc65e70cbd64a3e2a5eaae",
                "sha256:fc323ffcaeaed0e0a02bf4d117757b98aed530d9ed4531e3e15460124c106691"
            ],
            "version": "==3.0.4"
        },
        "click": {
            "hashes": [
                "sha256:8a18b4ea89d8820c5d0c7da8a64b2c324b4dabb695804dbfea19b9be9d88c0cc",
                "sha256:e345d143d80bf5ee7534056164e5e112ea5e22716bbb1ce727941f4c8b471b9a"
            ],
            "index": "pypi",
            "version": "==7.1.1"
        },
        "coloredlogs": {
            "hashes": [
                "sha256:346f58aad6afd48444c2468618623638dadab76e4e70d5e10822676f2d32226a",
                "sha256:a1fab193d2053aa6c0a97608c4342d031f1f93a3d1218432c59322441d31a505"
            ],
            "index": "pypi",
            "version": "==14.0"
        },
        "constructs": {
            "hashes": [
                "sha256:9740f25c67d19f3c710c85f298ebfd1d109f9fd54d0ec0b869a87b4c1554da3e",
                "sha256:edb1a78e8780f24046f8945a6f0101406f5b2106f9d93d833e61ca34dc8b980d"
            ],
            "index": "pypi",
            "version": "==3.0.4"
        },
        "docutils": {
            "hashes": [
                "sha256:6c4f696463b79f1fb8ba0c594b63840ebd41f059e92b31957c46b74a4599b6d0",
                "sha256:9e4d7ecfc600058e07ba661411a2b7de2fd0fafa17d1a7f7361cd47b1175c827",
                "sha256:a2aeea129088da402665e92e0b25b04b073c04b2dce4ab65caaa38b7ce2e1a99"
            ],
            "version": "==0.15.2"
        },
        "flask": {
            "hashes": [
                "sha256:4efa1ae2d7c9865af48986de8aeb8504bf32c7f3d6fdc9353d34b21f4b127060",
                "sha256:8a4fdd8936eba2512e9c85df320a37e694c93945b33ef33c89946a340a238557"
            ],
            "version": "==1.1.2"
        },
        "flask-apispec": {
            "hashes": [
                "sha256:64c3f528dbf3e78ca7f3d6c695a1e8b788a87f0f4f4ce5c19070649a8f807856",
                "sha256:c694f067b076828816b8c778e6928263fdc12b9ed1d2de4e781d21b2dd13aa5a"
            ],
            "version": "==0.9.0"
        },
        "flask-cors": {
            "hashes": [
                "sha256:72170423eb4612f0847318afff8c247b38bd516b7737adfc10d1c2cdbb382d16",
                "sha256:f4d97201660e6bbcff2d89d082b5b6d31abee04b1b3003ee073a6fd25ad1d69a"
            ],
            "version": "==3.0.8"
        },
        "flask-serverless": {
            "hashes": [
                "sha256:53c2da5b340486604c5b6f784a2d4aa3c51a858a8c20bf7446ec5440b51f0490"
            ],
            "index": "pypi",
            "version": "==0.1.4"
        },
        "humanfriendly": {
            "hashes": [
                "sha256:bf52ec91244819c780341a3438d5d7b09f431d3f113a475147ac9b7b167a3d12",
                "sha256:e78960b31198511f45fd455534ae7645a6207d33e512d2e842c766d15d9c8080"
            ],
            "version": "==8.2"
        },
        "idna": {
            "hashes": [
                "sha256:b307872f855b18632ce0c21c5e45be78c0ea7ae4c15c828c20788b26921eb3f6",
                "sha256:b97d804b1e9b523befed77c48dacec60e6dcb0b5391d57af6a65a312a90648c0"
            ],
            "version": "==2.10"
        },
        "itsdangerous": {
            "hashes": [
                "sha256:321b033d07f2a4136d3ec762eac9f16a10ccd60f53c0c91af90217ace7ba1f19",
                "sha256:b12271b2047cb23eeb98c8b5622e2e5c5e9abd9784a153e9d8ef9cb4dd09d749"
            ],
            "version": "==1.1.0"
        },
        "jinja2": {
            "hashes": [
                "sha256:89aab215427ef59c34ad58735269eb58b1a5808103067f7bb9d5836c651b3bb0",
                "sha256:f0a4641d3cf955324a89c04f3d94663aa4d638abe8f733ecd3582848e1c37035"
            ],
            "index": "pypi",
            "version": "==2.11.2"
        },
        "jmespath": {
            "hashes": [
                "sha256:b85d0567b8666149a93172712e68920734333c0ce7e89b78b3e987f71e5ed4f9",
                "sha256:cdf6525904cc597730141d61b36f2e4b8ecc257c420fa2f4549bac2c2d0cb72f"
            ],
            "version": "==0.10.0"
        },
        "jsii": {
            "hashes": [
                "sha256:0527adb16252f0ec283d0ddc5b9bd33be92f1e5f3671788fd7b4ac2bf0ff6cc7",
                "sha256:cc6b2d818c24c32d6da9139df7f520d36a3002febb36b4cd41db6d5bea0ea710"
            ],
            "index": "pypi",
            "version": "==1.10.0"
        },
        "markupsafe": {
            "hashes": [
                "sha256:00bc623926325b26bb9605ae9eae8a215691f33cae5df11ca5424f06f2d1f473",
                "sha256:09027a7803a62ca78792ad89403b1b7a73a01c8cb65909cd876f7fcebd79b161",
                "sha256:09c4b7f37d6c648cb13f9230d847adf22f8171b1ccc4d5682398e77f40309235",
                "sha256:1027c282dad077d0bae18be6794e6b6b8c91d58ed8a8d89a89d59693b9131db5",
                "sha256:13d3144e1e340870b25e7b10b98d779608c02016d5184cfb9927a9f10c689f42",
                "sha256:24982cc2533820871eba85ba648cd53d8623687ff11cbb805be4ff7b4c971aff",
                "sha256:29872e92839765e546828bb7754a68c418d927cd064fd4708fab9fe9c8bb116b",
                "sha256:43a55c2930bbc139570ac2452adf3d70cdbb3cfe5912c71cdce1c2c6bbd9c5d1",
                "sha256:46c99d2de99945ec5cb54f23c8cd5689f6d7177305ebff350a58ce5f8de1669e",
                "sha256:500d4957e52ddc3351cabf489e79c91c17f6e0899158447047588650b5e69183",
                "sha256:535f6fc4d397c1563d08b88e485c3496cf5784e927af890fb3c3aac7f933ec66",
                "sha256:596510de112c685489095da617b5bcbbac7dd6384aeebeda4df6025d0256a81b",
                "sha256:62fe6c95e3ec8a7fad637b7f3d372c15ec1caa01ab47926cfdf7a75b40e0eac1",
                "sha256:6788b695d50a51edb699cb55e35487e430fa21f1ed838122d722e0ff0ac5ba15",
                "sha256:6dd73240d2af64df90aa7c4e7481e23825ea70af4b4922f8ede5b9e35f78a3b1",
                "sha256:717ba8fe3ae9cc0006d7c451f0bb265ee07739daf76355d06366154ee68d221e",
                "sha256:79855e1c5b8da654cf486b830bd42c06e8780cea587384cf6545b7d9ac013a0b",
                "sha256:7c1699dfe0cf8ff607dbdcc1e9b9af1755371f92a68f706051cc8c37d447c905",
                "sha256:88e5fcfb52ee7b911e8bb6d6aa2fd21fbecc674eadd44118a9cc3863f938e735",
                "sha256:8defac2f2ccd6805ebf65f5eeb132adcf2ab57aa11fdf4c0dd5169a004710e7d",
                "sha256:98c7086708b163d425c67c7a91bad6e466bb99d797aa64f965e9d25c12111a5e",
                "sha256:9add70b36c5666a2ed02b43b335fe19002ee5235efd4b8a89bfcf9005bebac0d",
                "sha256:9bf40443012702a1d2070043cb6291650a0841ece432556f784f004937f0f32c",
                "sha256:ade5e387d2ad0d7ebf59146cc00c8044acbd863725f887353a10df825fc8ae21",
                "sha256:b00c1de48212e4cc9603895652c5c410df699856a2853135b3967591e4beebc2",
                "sha256:b1282f8c00509d99fef04d8ba936b156d419be841854fe901d8ae224c59f0be5",
                "sha256:b2051432115498d3562c084a49bba65d97cf251f5a331c64a12ee7e04dacc51b",
                "sha256:ba59edeaa2fc6114428f1637ffff42da1e311e29382d81b339c1817d37ec93c6",
                "sha256:c8716a48d94b06bb3b2524c2b77e055fb313aeb4ea620c8dd03a105574ba704f",
                "sha256:cd5df75523866410809ca100dc9681e301e3c27567cf498077e8551b6d20e42f",
                "sha256:cdb132fc825c38e1aeec2c8aa9338310d29d337bebbd7baa06889d09a60a1fa2",
                "sha256:e249096428b3ae81b08327a63a485ad0878de3fb939049038579ac0ef61e17e7",
                "sha256:e8313f01ba26fbbe36c7be1966a7b7424942f670f38e666995b88d012765b9be"
            ],
            "version": "==1.1.1"
        },
        "marshmallow": {
            "hashes": [
                "sha256:67bf4cae9d3275b3fc74bd7ff88a7c98ee8c57c94b251a67b031dc293ecc4b76",
                "sha256:a2a5eefb4b75a3b43f05be1cca0b6686adf56af7465c3ca629e5ad8d1e1fe13d"
            ],
            "markers": "python_version >= '3'",
            "version": "==3.7.1"
        },
        "numpy": {
            "hashes": [
                "sha256:082f8d4dd69b6b688f64f509b91d482362124986d98dc7dc5f5e9f9b9c3bb983",
                "sha256:1bc0145999e8cb8aed9d4e65dd8b139adf1919e521177f198529687dbf613065",
                "sha256:309cbcfaa103fc9a33ec16d2d62569d541b79f828c382556ff072442226d1968",
                "sha256:3673c8b2b29077f1b7b3a848794f8e11f401ba0b71c49fbd26fb40b71788b132",
                "sha256:480fdd4dbda4dd6b638d3863da3be82873bba6d32d1fc12ea1b8486ac7b8d129",
                "sha256:56ef7f56470c24bb67fb43dae442e946a6ce172f97c69f8d067ff8550cf782ff",
                "sha256:5a936fd51049541d86ccdeef2833cc89a18e4d3808fe58a8abeb802665c5af93",
                "sha256:5b6885c12784a27e957294b60f97e8b5b4174c7504665333c5e94fbf41ae5d6a",
                "sha256:667c07063940e934287993366ad5f56766bc009017b4a0fe91dbd07960d0aba7",
                "sha256:7ed448ff4eaffeb01094959b19cbaf998ecdee9ef9932381420d514e446601cd",
                "sha256:8343bf67c72e09cfabfab55ad4a43ce3f6bf6e6ced7acf70f45ded9ebb425055",
                "sha256:92feb989b47f83ebef246adabc7ff3b9a59ac30601c3f6819f8913458610bdcc",
                "sha256:935c27ae2760c21cd7354402546f6be21d3d0c806fffe967f745d5f2de5005a7",
                "sha256:aaf42a04b472d12515debc621c31cf16c215e332242e7a9f56403d814c744624",
                "sha256:b12e639378c741add21fbffd16ba5ad25c0a1a17cf2b6fe4288feeb65144f35b",
                "sha256:b1cca51512299841bf69add3b75361779962f9cee7d9ee3bb446d5982e925b69",
                "sha256:b8456987b637232602ceb4d663cb34106f7eb780e247d51a260b84760fd8f491",
                "sha256:b9792b0ac0130b277536ab8944e7b754c69560dac0415dd4b2dbd16b902c8954",
                "sha256:c9591886fc9cbe5532d5df85cb8e0cc3b44ba8ce4367bd4cf1b93dc19713da72",
                "sha256:cf1347450c0b7644ea142712619533553f02ef23f92f781312f6a3553d031fc7",
                "sha256:de8b4a9b56255797cbddb93281ed92acbc510fb7b15df3f01bd28f46ebc4edae",
                "sha256:e1b1dc0372f530f26a03578ac75d5e51b3868b9b76cd2facba4c9ee0eb252ab1",
                "sha256:e45f8e981a0ab47103181773cc0a54e650b2aef8c7b6cd07405d0fa8d869444a",
                "sha256:e4f6d3c53911a9d103d8ec9518190e52a8b945bab021745af4939cfc7c0d4a9e",
                "sha256:ed8a311493cf5480a2ebc597d1e177231984c818a86875126cfd004241a73c3e",
                "sha256:ef71a1d4fd4858596ae80ad1ec76404ad29701f8ca7cdcebc50300178db14dfc"
            ],
            "index": "pypi",
            "version": "==1.19.1"
        },
        "publication": {
            "hashes": [
                "sha256:0248885351febc11d8a1098d5c8e3ab2dabcf3e8c0c96db1e17ecd12b53afbe6",
                "sha256:68416a0de76dddcdd2930d1c8ef853a743cc96c82416c4e4d3b5d901c6276dc4"
            ],
            "index": "pypi",
            "version": "==0.0.3"
        },
        "pynamodb": {
            "hashes": [
                "sha256:58bd62089741ef689f845d6ca826ab50e39b9a0a8ae3bd7a84dc167c1a4ec8fa",
                "sha256:cfaae8db840bae1ff7cdcf0a3ae39c39bbb4c877f7f324b0ecc6e5467cc24982"
            ],
            "index": "pypi",
            "version": "==4.3.2"
        },
        "python-dateutil": {
            "hashes": [
                "sha256:73ebfe9dbf22e832286dafa60473e4cd239f8592f699aa5adaf10050e6e1823c",
                "sha256:75bb3f31ea686f1197762692a9ee6a7550b59fc6ca3a1f4b5d7e32fb98e2da2a"
            ],
            "index": "pypi",
            "version": "==2.8.1"
        },
        "requests": {
            "hashes": [
                "sha256:b3559a131db72c33ee969480840fff4bb6dd111de7dd27c8ee1f820f4f00231b",
                "sha256:fe75cc94a9443b9246fc7049224f75604b113c36acb93f87b80ed42c44cbb898"
            ],
            "index": "pypi",
            "version": "==2.24.0"
        },
        "s3transfer": {
            "hashes": [
                "sha256:2482b4259524933a022d59da830f51bd746db62f047d6eb213f2f8855dcb8a13",
                "sha256:921a37e2aefc64145e7b73d50c71bb4f26f46e4c9f414dc648c6245ff92cf7db"
            ],
            "version": "==0.3.3"
        },
        "six": {
            "hashes": [
                "sha256:236bdbdce46e6e6a3d61a337c0f8b763ca1e8717c03b369e87a7ec7ce1319c0a",
                "sha256:8f3cd2e254d8f793e7f3d6d9df77b92252b52637291d0f0da013c76ea2724b6c"
            ],
            "index": "pypi",
            "version": "==1.14.0"
        },
        "typing-extensions": {
            "hashes": [
                "sha256:091ecc894d5e908ac75209f10d5b4f118fbdb2eb1ede6a63544054bb1edb41f2",
                "sha256:910f4656f54de5993ad9304959ce9bb903f90aadc7c67a0bef07e678014e892d",
                "sha256:cf8b63fedea4d89bab840ecbb93e75578af28f76f66c35889bd7065f5af88575"
            ],
            "index": "pypi",
            "version": "==3.7.4.1"
        },
        "urllib3": {
            "hashes": [
                "sha256:2f3db8b19923a873b3e5256dc9c2dedfa883e33d87c690d9c7913e1f40673cdc",
                "sha256:87716c2d2a7121198ebcb7ce7cccf6ce5e9ba539041cfbaeecfb641dc0bf6acc"
            ],
            "index": "pypi",
            "version": "==1.25.8"
        },
        "webargs": {
            "hashes": [
                "sha256:4f04918864c7602886335d8099f9b8960ee698b6b914f022736ed50be6b71235",
                "sha256:871642a2e0c62f21d5b78f357750ac7a87e6bc734c972f633aa5fb6204fbf29a",
                "sha256:fc81c9f9d391acfbce406a319217319fd8b2fd862f7fdb5319ad06944f36ed25"
            ],
            "version": "==5.5.3"
        },
        "werkzeug": {
            "hashes": [
                "sha256:2de2a5db0baeae7b2d2664949077c2ac63fbd16d98da0ff71837f7d1dea3fd43",
                "sha256:6c80b1e5ad3665290ea39320b91e1be1e0d5f60652b964a3070216de83d2e47c"
            ],
            "version": "==1.0.1"
        }
    },
    "develop": {
        "appnope": {
            "hashes": [
                "sha256:5b26757dc6f79a3b7dc9fab95359328d5747fcb2409d331ea66d0272b90ab2a0",
                "sha256:8b995ffe925347a2138d7ac0fe77155e4311a0ea6d6da4f5128fe4b3cbe5ed71"
            ],
            "markers": "sys_platform == 'darwin'",
            "version": "==0.1.0"
        },
        "astroid": {
            "hashes": [
                "sha256:2f4078c2a41bf377eea06d71c9d2ba4eb8f6b1af2135bec27bbbb7d8f12bb703",
                "sha256:bc58d83eb610252fd8de6363e39d4f1d0619c894b0ed24603b881c02e64c7386"
            ],
            "version": "==2.4.2"
        },
        "backcall": {
            "hashes": [
                "sha256:5cbdbf27be5e7cfadb448baf0aa95508f91f2bbc6c6437cd9cd06e2a4c215e1e",
                "sha256:fbbce6a29f263178a1f7915c1940bde0ec2b2a967566fe1c65c1dfb7422bd255"
            ],
            "version": "==0.2.0"
        },
        "certifi": {
            "hashes": [
                "sha256:5930595817496dd21bb8dc35dad090f1c2cd0adfaf21204bf6732ca5d8ee34d3",
                "sha256:8fc0819f1f30ba15bdb34cceffb9ef04d99f420f68eb75d901e9560b8749fc41"
            ],
            "version": "==2020.6.20"
        },
        "chardet": {
            "hashes": [
                "sha256:84ab92ed1c4d4f16916e05906b6b75a6c0fb5db821cc65e70cbd64a3e2a5eaae",
                "sha256:fc323ffcaeaed0e0a02bf4d117757b98aed530d9ed4531e3e15460124c106691"
            ],
            "version": "==3.0.4"
        },
        "decorator": {
            "hashes": [
                "sha256:41fa54c2a0cc4ba648be4fd43cff00aedf5b9465c9bf18d64325bc225f08f760",
                "sha256:e3a62f0520172440ca0dcc823749319382e377f37f140a0b99ef45fecb84bfe7"
            ],
            "version": "==4.4.2"
        },
        "docker": {
            "hashes": [
                "sha256:03a46400c4080cb6f7aa997f881ddd84fef855499ece219d75fbdb53289c17ab",
                "sha256:26eebadce7e298f55b76a88c4f8802476c5eaddbdbe38dbc6cce8781c47c9b54"
            ],
            "index": "pypi",
            "version": "==4.2.2"
        },
        "idna": {
            "hashes": [
                "sha256:b307872f855b18632ce0c21c5e45be78c0ea7ae4c15c828c20788b26921eb3f6",
                "sha256:b97d804b1e9b523befed77c48dacec60e6dcb0b5391d57af6a65a312a90648c0"
            ],
            "version": "==2.10"
        },
        "ipdb": {
            "hashes": [
                "sha256:d6f46d261c45a65e65a2f7ec69288a1c511e16206edb2875e7ec6b2f66997e78"
            ],
            "index": "pypi",
            "version": "==0.13.3"
        },
        "ipython": {
            "hashes": [
                "sha256:5a8f159ca8b22b9a0a1f2a28befe5ad2b703339afb58c2ffe0d7c8d7a3af5999",
                "sha256:b70974aaa2674b05eb86a910c02ed09956a33f2dd6c71afc60f0b128a77e7f28"
            ],
            "version": "==7.17.0"
        },
        "ipython-genutils": {
            "hashes": [
                "sha256:72dd37233799e619666c9f639a9da83c34013a73e8bbc79a7a6348d93c61fab8",
                "sha256:eb2e116e75ecef9d4d228fdc66af54269afa26ab4463042e33785b887c628ba8"
            ],
            "version": "==0.2.0"
        },
        "isort": {
            "hashes": [
                "sha256:54da7e92468955c4fceacd0c86bd0ec997b0e1ee80d97f67c35a78b719dccab1",
                "sha256:6e811fcb295968434526407adb8796944f1988c5b65e8139058f2014cbe100fd"
            ],
            "version": "==4.3.21"
        },
        "jedi": {
            "hashes": [
                "sha256:86ed7d9b750603e4ba582ea8edc678657fb4007894a12bcf6f4bb97892f31d20",
                "sha256:98cc583fa0f2f8304968199b01b6b4b94f469a1f4a74c1560506ca2a211378b5"
            ],
            "version": "==0.17.2"
        },
        "lazy-object-proxy": {
            "hashes": [
                "sha256:0c4b206227a8097f05c4dbdd323c50edf81f15db3b8dc064d08c62d37e1a504d",
                "sha256:194d092e6f246b906e8f70884e620e459fc54db3259e60cf69a4d66c3fda3449",
                "sha256:1be7e4c9f96948003609aa6c974ae59830a6baecc5376c25c92d7d697e684c08",
                "sha256:4677f594e474c91da97f489fea5b7daa17b5517190899cf213697e48d3902f5a",
                "sha256:48dab84ebd4831077b150572aec802f303117c8cc5c871e182447281ebf3ac50",
                "sha256:5541cada25cd173702dbd99f8e22434105456314462326f06dba3e180f203dfd",
                "sha256:59f79fef100b09564bc2df42ea2d8d21a64fdcda64979c0fa3db7bdaabaf6239",
                "sha256:8d859b89baf8ef7f8bc6b00aa20316483d67f0b1cbf422f5b4dc56701c8f2ffb",
                "sha256:9254f4358b9b541e3441b007a0ea0764b9d056afdeafc1a5569eee1cc6c1b9ea",
                "sha256:9651375199045a358eb6741df3e02a651e0330be090b3bc79f6d0de31a80ec3e",
                "sha256:97bb5884f6f1cdce0099f86b907aa41c970c3c672ac8b9c8352789e103cf3156",
                "sha256:9b15f3f4c0f35727d3a0fba4b770b3c4ebbb1fa907dbcc046a1d2799f3edd142",
                "sha256:a2238e9d1bb71a56cd710611a1614d1194dc10a175c1e08d75e1a7bcc250d442",
                "sha256:a6ae12d08c0bf9909ce12385803a543bfe99b95fe01e752536a60af2b7797c62",
                "sha256:ca0a928a3ddbc5725be2dd1cf895ec0a254798915fb3a36af0964a0a4149e3db",
                "sha256:cb2c7c57005a6804ab66f106ceb8482da55f5314b7fcb06551db1edae4ad1531",
                "sha256:d74bb8693bf9cf75ac3b47a54d716bbb1a92648d5f781fc799347cfc95952383",
                "sha256:d945239a5639b3ff35b70a88c5f2f491913eb94871780ebfabb2568bd58afc5a",
                "sha256:eba7011090323c1dadf18b3b689845fd96a61ba0a1dfbd7f24b921398affc357",
                "sha256:efa1909120ce98bbb3777e8b6f92237f5d5c8ea6758efea36a473e1d38f7d3e4",
                "sha256:f3900e8a5de27447acbf900b4750b0ddfd7ec1ea7fbaf11dfa911141bc522af0"
            ],
            "version": "==1.4.3"
        },
        "mccabe": {
            "hashes": [
                "sha256:ab8a6258860da4b6677da4bd2fe5dc2c659cff31b3ee4f7f5d64e79735b80d42",
                "sha256:dd8d182285a0fe56bace7f45b5e7d1a6ebcbf524e8f3bd87eb0f125271b8831f"
            ],
            "version": "==0.6.1"
        },
        "parso": {
            "hashes": [
                "sha256:97218d9159b2520ff45eb78028ba8b50d2bc61dcc062a9682666f2dc4bd331ea",
                "sha256:caba44724b994a8a5e086460bb212abc5a8bc46951bf4a9a1210745953622eb9"
            ],
            "version": "==0.7.1"
        },
        "pexpect": {
            "hashes": [
                "sha256:0b48a55dcb3c05f3329815901ea4fc1537514d6ba867a152b581d69ae3710937",
                "sha256:fc65a43959d153d0114afe13997d439c22823a27cefceb5ff35c2178c6784c0c"
            ],
            "markers": "sys_platform != 'win32'",
            "version": "==4.8.0"
        },
        "pickleshare": {
            "hashes": [
                "sha256:87683d47965c1da65cdacaf31c8441d12b8044cdec9aca500cd78fc2c683afca",
                "sha256:9649af414d74d4df115d5d718f82acb59c9d418196b7b4290ed47a12ce62df56"
            ],
            "version": "==0.7.5"
        },
        "prompt-toolkit": {
            "hashes": [
                "sha256:563d1a4140b63ff9dd587bda9557cffb2fe73650205ab6f4383092fb882e7dc8",
                "sha256:df7e9e63aea609b1da3a65641ceaf5bc7d05e0a04de5bd45d05dbeffbabf9e04"
            ],
            "version": "==3.0.5"
        },
        "ptyprocess": {
            "hashes": [
                "sha256:923f299cc5ad920c68f2bc0bc98b75b9f838b93b599941a6b63ddbc2476394c0",
                "sha256:d7cc528d76e76342423ca640335bd3633420dc1366f258cb31d05e865ef5ca1f"
            ],
            "version": "==0.6.0"
        },
        "pygments": {
            "hashes": [
                "sha256:647344a061c249a3b74e230c739f434d7ea4d8b1d5f3721bc0f3558049b38f44",
                "sha256:ff7a40b4860b727ab48fad6360eb351cc1b33cbf9b15a0f689ca5353e9463324"
            ],
            "version": "==2.6.1"
        },
        "pylint": {
            "hashes": [
                "sha256:7dd78437f2d8d019717dbf287772d0b2dbdfd13fc016aa7faa08d67bccc46adc",
                "sha256:d0ece7d223fe422088b0e8f13fa0a1e8eb745ebffcb8ed53d3e95394b6101a1c"
            ],
            "index": "pypi",
            "version": "==2.5.3"
        },
        "requests": {
            "hashes": [
                "sha256:b3559a131db72c33ee969480840fff4bb6dd111de7dd27c8ee1f820f4f00231b",
                "sha256:fe75cc94a9443b9246fc7049224f75604b113c36acb93f87b80ed42c44cbb898"
            ],
            "index": "pypi",
            "version": "==2.24.0"
        },
        "six": {
            "hashes": [
                "sha256:236bdbdce46e6e6a3d61a337c0f8b763ca1e8717c03b369e87a7ec7ce1319c0a",
                "sha256:8f3cd2e254d8f793e7f3d6d9df77b92252b52637291d0f0da013c76ea2724b6c"
            ],
            "index": "pypi",
            "version": "==1.14.0"
        },
        "toml": {
            "hashes": [
                "sha256:926b612be1e5ce0634a2ca03470f95169cf16f939018233a670519cb4ac58b0f",
                "sha256:bda89d5935c2eac546d648028b9901107a595863cb36bae0c73ac804a9b4ce88"
            ],
            "version": "==0.10.1"
        },
        "traitlets": {
            "hashes": [
                "sha256:70b4c6a1d9019d7b4f6846832288f86998aa3b9207c6821f3578a6a6a467fe44",
                "sha256:d023ee369ddd2763310e4c3eae1ff649689440d4ae59d7485eb4cfbbe3e359f7"
            ],
            "version": "==4.3.3"
        },
        "typed-ast": {
            "hashes": [
                "sha256:0666aa36131496aed8f7be0410ff974562ab7eeac11ef351def9ea6fa28f6355",
                "sha256:0c2c07682d61a629b68433afb159376e24e5b2fd4641d35424e462169c0a7919",
                "sha256:249862707802d40f7f29f6e1aad8d84b5aa9e44552d2cc17384b209f091276aa",
                "sha256:24995c843eb0ad11a4527b026b4dde3da70e1f2d8806c99b7b4a7cf491612652",
                "sha256:269151951236b0f9a6f04015a9004084a5ab0d5f19b57de779f908621e7d8b75",
                "sha256:4083861b0aa07990b619bd7ddc365eb7fa4b817e99cf5f8d9cf21a42780f6e01",
                "sha256:498b0f36cc7054c1fead3d7fc59d2150f4d5c6c56ba7fb150c013fbc683a8d2d",
                "sha256:4e3e5da80ccbebfff202a67bf900d081906c358ccc3d5e3c8aea42fdfdfd51c1",
                "sha256:6daac9731f172c2a22ade6ed0c00197ee7cc1221aa84cfdf9c31defeb059a907",
                "sha256:715ff2f2df46121071622063fc7543d9b1fd19ebfc4f5c8895af64a77a8c852c",
                "sha256:73d785a950fc82dd2a25897d525d003f6378d1cb23ab305578394694202a58c3",
                "sha256:8c8aaad94455178e3187ab22c8b01a3837f8ee50e09cf31f1ba129eb293ec30b",
                "sha256:8ce678dbaf790dbdb3eba24056d5364fb45944f33553dd5869b7580cdbb83614",
                "sha256:aaee9905aee35ba5905cfb3c62f3e83b3bec7b39413f0a7f19be4e547ea01ebb",
                "sha256:bcd3b13b56ea479b3650b82cabd6b5343a625b0ced5429e4ccad28a8973f301b",
                "sha256:c9e348e02e4d2b4a8b2eedb48210430658df6951fa484e59de33ff773fbd4b41",
                "sha256:d205b1b46085271b4e15f670058ce182bd1199e56b317bf2ec004b6a44f911f6",
                "sha256:d43943ef777f9a1c42bf4e552ba23ac77a6351de620aa9acf64ad54933ad4d34",
                "sha256:d5d33e9e7af3b34a40dc05f498939f0ebf187f07c385fd58d591c533ad8562fe",
                "sha256:fc0fea399acb12edbf8a628ba8d2312f583bdbdb3335635db062fa98cf71fca4",
                "sha256:fe460b922ec15dd205595c9b5b99e2f056fd98ae8f9f56b888e7a17dc2b757e7"
            ],
            "markers": "implementation_name == 'cpython' and python_version < '3.8'",
            "version": "==1.4.1"
        },
        "uniflow": {
            "editable": true,
            "path": "."
        },
        "urllib3": {
            "hashes": [
                "sha256:2f3db8b19923a873b3e5256dc9c2dedfa883e33d87c690d9c7913e1f40673cdc",
                "sha256:87716c2d2a7121198ebcb7ce7cccf6ce5e9ba539041cfbaeecfb641dc0bf6acc"
            ],
            "index": "pypi",
            "version": "==1.25.8"
        },
        "wcwidth": {
            "hashes": [
                "sha256:beb4802a9cebb9144e99086eff703a642a13d6a0052920003a230f3294bbe784",
                "sha256:c4d647b99872929fdb7bdcaa4fbe7f01413ed3d98077df798530e5b04f116c83"
            ],
            "version": "==0.2.5"
        },
        "websocket-client": {
            "hashes": [
                "sha256:0fc45c961324d79c781bab301359d5a1b00b13ad1b10415a4780229ef71a5549",
                "sha256:d735b91d6d1692a6a181f2a8c9e0238e5f6373356f561bb9dc4c7af36f452010"
            ],
            "version": "==0.57.0"
        },
        "wrapt": {
            "hashes": [
                "sha256:b62ffa81fb85f4332a4f609cab4ac40709470da05643a082ec1eb88e6d9b97d7"
            ],
            "version": "==1.12.1"
        }
    }
}
